// !$*UTF8*$!
{
	archiveVersion = 1;
	classes = {
	};
	objectVersion = 56;
	objects = {

/* Begin PBXBuildFile section */
		371D4B442A02C75900E85E1B /* FixedSizeNoFillRoundedButtonStyle.swift in Sources */ = {isa = PBXBuildFile; fileRef = 371D4B432A02C75900E85E1B /* FixedSizeNoFillRoundedButtonStyle.swift */; };
		371D4B4C2A03944E00E85E1B /* PhotoDetailModal.swift in Sources */ = {isa = PBXBuildFile; fileRef = 371D4B4B2A03944E00E85E1B /* PhotoDetailModal.swift */; };
		371D4B4E2A03A32A00E85E1B /* Poppins-Italic.ttf in Resources */ = {isa = PBXBuildFile; fileRef = 371D4B4D2A03A32A00E85E1B /* Poppins-Italic.ttf */; };
		371D4B522A03ACA000E85E1B /* NewProfileView.swift in Sources */ = {isa = PBXBuildFile; fileRef = 371D4B512A03ACA000E85E1B /* NewProfileView.swift */; };
		375656B129FA5C79003D9458 /* TimerView.swift in Sources */ = {isa = PBXBuildFile; fileRef = 375656B029FA5C79003D9458 /* TimerView.swift */; };
		3763418829F2172C00F37080 /* SplashView.swift in Sources */ = {isa = PBXBuildFile; fileRef = 3763418729F2172C00F37080 /* SplashView.swift */; };
		3763418A29F21A8800F37080 /* OnboardingView.swift in Sources */ = {isa = PBXBuildFile; fileRef = 3763418929F21A8800F37080 /* OnboardingView.swift */; };
		3763418C29F2207C00F37080 /* RoundedButtonStyle.swift in Sources */ = {isa = PBXBuildFile; fileRef = 3763418B29F2207C00F37080 /* RoundedButtonStyle.swift */; };
		3763418E29F2221000F37080 /* FixedSizeRoundedButtonStyle.swift in Sources */ = {isa = PBXBuildFile; fileRef = 3763418D29F2221000F37080 /* FixedSizeRoundedButtonStyle.swift */; };
		3763419729F227C800F37080 /* TabBarView.swift in Sources */ = {isa = PBXBuildFile; fileRef = 3763419629F227C800F37080 /* TabBarView.swift */; };
		3798630529EFDD70002EC23B /* PlaydateApp.swift in Sources */ = {isa = PBXBuildFile; fileRef = 3798630429EFDD70002EC23B /* PlaydateApp.swift */; };
		3798630729EFDD70002EC23B /* ContentView.swift in Sources */ = {isa = PBXBuildFile; fileRef = 3798630629EFDD70002EC23B /* ContentView.swift */; };
		3798630929EFDD71002EC23B /* Assets.xcassets in Resources */ = {isa = PBXBuildFile; fileRef = 3798630829EFDD71002EC23B /* Assets.xcassets */; };
		3798630C29EFDD71002EC23B /* Preview Assets.xcassets in Resources */ = {isa = PBXBuildFile; fileRef = 3798630B29EFDD71002EC23B /* Preview Assets.xcassets */; };
		3798631629EFE01B002EC23B /* Prompt.swift in Sources */ = {isa = PBXBuildFile; fileRef = 3798631529EFE01B002EC23B /* Prompt.swift */; };
		3798631829EFE033002EC23B /* Error.swift in Sources */ = {isa = PBXBuildFile; fileRef = 3798631729EFE033002EC23B /* Error.swift */; };
		3798631D29EFE0B5002EC23B /* NetworkManager.swift in Sources */ = {isa = PBXBuildFile; fileRef = 3798631C29EFE0B5002EC23B /* NetworkManager.swift */; };
		3798632329EFE11F002EC23B /* CoreDataManager.swift in Sources */ = {isa = PBXBuildFile; fileRef = 3798632229EFE11F002EC23B /* CoreDataManager.swift */; };
		3798632C29EFE1D8002EC23B /* AppColor.swift in Sources */ = {isa = PBXBuildFile; fileRef = 3798632B29EFE1D8002EC23B /* AppColor.swift */; };
		37E2996929F556CF00D7A150 /* RegistrationView.swift in Sources */ = {isa = PBXBuildFile; fileRef = 37E2996829F556CF00D7A150 /* RegistrationView.swift */; };
		37E2996E29F55D9400D7A150 /* BorderedTextFieldStyle.swift in Sources */ = {isa = PBXBuildFile; fileRef = 37E2996D29F55D9400D7A150 /* BorderedTextFieldStyle.swift */; };
		37E2997629F5602400D7A150 /* ProfileView.swift in Sources */ = {isa = PBXBuildFile; fileRef = 37E2997529F5602400D7A150 /* ProfileView.swift */; };
		37E2999C29F61B1C00D7A150 /* submitPageExperimental.swift in Sources */ = {isa = PBXBuildFile; fileRef = 37E2999B29F61B1C00D7A150 /* submitPageExperimental.swift */; };
		37E2999E29F6293800D7A150 /* UnborderedTextFieldStyle.swift in Sources */ = {isa = PBXBuildFile; fileRef = 37E2999D29F6293800D7A150 /* UnborderedTextFieldStyle.swift */; };
		37E299A029F62EE900D7A150 /* temporaryCountdownView.swift in Sources */ = {isa = PBXBuildFile; fileRef = 37E2999F29F62EE900D7A150 /* temporaryCountdownView.swift */; };
		657F02D52A0317D0005D70DC /* MemoryLaneView.swift in Sources */ = {isa = PBXBuildFile; fileRef = 657F02D42A0317D0005D70DC /* MemoryLaneView.swift */; };
		65BA58732A043A4B001C827B /* SelectImageView.swift in Sources */ = {isa = PBXBuildFile; fileRef = 65BA58722A043A4B001C827B /* SelectImageView.swift */; };
		A503D9F82A0265DE00C0CCCF /* ChallengeSumbitPage2.swift in Sources */ = {isa = PBXBuildFile; fileRef = A503D9F72A0265DE00C0CCCF /* ChallengeSumbitPage2.swift */; };
		A5325A1529F40E8C0073219B /* ChallengeCardSmall.swift in Sources */ = {isa = PBXBuildFile; fileRef = A5325A1429F40E8C0073219B /* ChallengeCardSmall.swift */; };
		A5325A1729F5102E0073219B /* ChallengeSubmitModal.swift in Sources */ = {isa = PBXBuildFile; fileRef = A5325A1629F5102E0073219B /* ChallengeSubmitModal.swift */; };
		A5325A1929F55CFB0073219B /* FirebaseFunctional.swift in Sources */ = {isa = PBXBuildFile; fileRef = A5325A1829F55CFB0073219B /* FirebaseFunctional.swift */; };
		A58E5DA229F40070005B2FF8 /* reviewPageExperimental.swift in Sources */ = {isa = PBXBuildFile; fileRef = A58E5DA129F40070005B2FF8 /* reviewPageExperimental.swift */; };
		A58E5DA429F40AEF005B2FF8 /* ChallangeReviewModal.swift in Sources */ = {isa = PBXBuildFile; fileRef = A58E5DA329F40AEF005B2FF8 /* ChallangeReviewModal.swift */; };
		A5AE7D7B29F1864200BD5CAE /* FirebaseAuth in Frameworks */ = {isa = PBXBuildFile; productRef = A5AE7D7A29F1864200BD5CAE /* FirebaseAuth */; };
		A5AE7D7D29F1864200BD5CAE /* FirebaseFirestore in Frameworks */ = {isa = PBXBuildFile; productRef = A5AE7D7C29F1864200BD5CAE /* FirebaseFirestore */; };
		A5AE7D7F29F186E400BD5CAE /* GoogleService-Info.plist in Resources */ = {isa = PBXBuildFile; fileRef = A5AE7D7E29F186E400BD5CAE /* GoogleService-Info.plist */; };
		A5AE7D8129F1889100BD5CAE /* ChallengeFirebase.swift in Sources */ = {isa = PBXBuildFile; fileRef = A5AE7D8029F1889100BD5CAE /* ChallengeFirebase.swift */; };
		A5AE7D8329F1895A00BD5CAE /* DataManager.swift in Sources */ = {isa = PBXBuildFile; fileRef = A5AE7D8229F1895A00BD5CAE /* DataManager.swift */; };
		A5AE7D8529F18C1300BD5CAE /* challengeFirebaseExperiment.swift in Sources */ = {isa = PBXBuildFile; fileRef = A5AE7D8429F18C1300BD5CAE /* challengeFirebaseExperiment.swift */; };
		A5B8CE4A2A0253690009AA52 /* ChallengeSubmitPage1.swift in Sources */ = {isa = PBXBuildFile; fileRef = A5B8CE492A0253690009AA52 /* ChallengeSubmitPage1.swift */; };
		A907AC1329F2D9B3008FC81B /* Poppins-Regular.ttf in Resources */ = {isa = PBXBuildFile; fileRef = A907AC0E29F2D9B3008FC81B /* Poppins-Regular.ttf */; };
		A907AC1429F2D9B3008FC81B /* Poppins-Medium.ttf in Resources */ = {isa = PBXBuildFile; fileRef = A907AC0F29F2D9B3008FC81B /* Poppins-Medium.ttf */; };
		A907AC1529F2D9B3008FC81B /* Poppins-SemiBold.ttf in Resources */ = {isa = PBXBuildFile; fileRef = A907AC1029F2D9B3008FC81B /* Poppins-SemiBold.ttf */; };
		A907AC1629F2D9B3008FC81B /* Poppins-Light.ttf in Resources */ = {isa = PBXBuildFile; fileRef = A907AC1129F2D9B3008FC81B /* Poppins-Light.ttf */; };
		A907AC1729F2D9B3008FC81B /* Poppins-Bold.ttf in Resources */ = {isa = PBXBuildFile; fileRef = A907AC1229F2D9B3008FC81B /* Poppins-Bold.ttf */; };
		A9090C0A29F2C5A500BD171B /* OngoingChallengeView.swift in Sources */ = {isa = PBXBuildFile; fileRef = A9090C0929F2C5A500BD171B /* OngoingChallengeView.swift */; };
		A925E2E529F437DB000F66C9 /* ChallengeViewModel.swift in Sources */ = {isa = PBXBuildFile; fileRef = A925E2E429F437DB000F66C9 /* ChallengeViewModel.swift */; };
		A925E2E729F446EC000F66C9 /* MemoryViewModel.swift in Sources */ = {isa = PBXBuildFile; fileRef = A925E2E629F446EC000F66C9 /* MemoryViewModel.swift */; };
		A978DFA92A001950003054C1 /* Memory+CoreDataClass.swift in Sources */ = {isa = PBXBuildFile; fileRef = A978DFA72A001950003054C1 /* Memory+CoreDataClass.swift */; };
		A978DFAA2A001950003054C1 /* Memory+CoreDataProperties.swift in Sources */ = {isa = PBXBuildFile; fileRef = A978DFA82A001950003054C1 /* Memory+CoreDataProperties.swift */; };
		A978DFD72A015B6D003054C1 /* PlaydateWidgetBundle.swift in Sources */ = {isa = PBXBuildFile; fileRef = A978DFD62A015B6D003054C1 /* PlaydateWidgetBundle.swift */; };
		A978DFD92A015B6D003054C1 /* PlaydateWidgetLiveActivity.swift in Sources */ = {isa = PBXBuildFile; fileRef = A978DFD82A015B6D003054C1 /* PlaydateWidgetLiveActivity.swift */; };
		A978DFDE2A015B6F003054C1 /* Assets.xcassets in Resources */ = {isa = PBXBuildFile; fileRef = A978DFDD2A015B6F003054C1 /* Assets.xcassets */; };
		A978DFE02A015B6F003054C1 /* PlaydateWidget.intentdefinition in Sources */ = {isa = PBXBuildFile; fileRef = A978DFDC2A015B6D003054C1 /* PlaydateWidget.intentdefinition */; };
		A978DFE12A015B6F003054C1 /* PlaydateWidget.intentdefinition in Sources */ = {isa = PBXBuildFile; fileRef = A978DFDC2A015B6D003054C1 /* PlaydateWidget.intentdefinition */; };
		A978DFE42A015B6F003054C1 /* PlaydateWidgetExtension.appex in Embed Foundation Extensions */ = {isa = PBXBuildFile; fileRef = A978DFCF2A015B6D003054C1 /* PlaydateWidgetExtension.appex */; settings = {ATTRIBUTES = (RemoveHeadersOnCopy, ); }; };
		A978DFEA2A01640D003054C1 /* PlaydateWidget.swift in Sources */ = {isa = PBXBuildFile; fileRef = A978DFDA2A015B6D003054C1 /* PlaydateWidget.swift */; };
		A978DFED2A016508003054C1 /* PlaydateWidget.swift in Sources */ = {isa = PBXBuildFile; fileRef = A978DFDA2A015B6D003054C1 /* PlaydateWidget.swift */; };
		A978DFEE2A016523003054C1 /* CoreDataModel.xcdatamodeld in Sources */ = {isa = PBXBuildFile; fileRef = A97CEA8C29F255330058F9FA /* CoreDataModel.xcdatamodeld */; };
		A978DFF32A01660F003054C1 /* SwiftUI.framework in Frameworks */ = {isa = PBXBuildFile; fileRef = A978DFD32A015B6D003054C1 /* SwiftUI.framework */; };
		A978DFF62A016612003054C1 /* WidgetKit.framework in Frameworks */ = {isa = PBXBuildFile; fileRef = A978DFD12A015B6D003054C1 /* WidgetKit.framework */; };
		A978DFF82A0166C4003054C1 /* Memory+CoreDataClass.swift in Sources */ = {isa = PBXBuildFile; fileRef = A978DFA72A001950003054C1 /* Memory+CoreDataClass.swift */; };
		A978DFF92A0166C7003054C1 /* Memory+CoreDataProperties.swift in Sources */ = {isa = PBXBuildFile; fileRef = A978DFA82A001950003054C1 /* Memory+CoreDataProperties.swift */; };
		A978DFFA2A0166DC003054C1 /* MemoryViewModel.swift in Sources */ = {isa = PBXBuildFile; fileRef = A925E2E629F446EC000F66C9 /* MemoryViewModel.swift */; };
		A978DFFB2A0166F4003054C1 /* CoreDataManager.swift in Sources */ = {isa = PBXBuildFile; fileRef = 3798632229EFE11F002EC23B /* CoreDataManager.swift */; };
		A978DFFC2A01671C003054C1 /* AppColor.swift in Sources */ = {isa = PBXBuildFile; fileRef = 3798632B29EFE1D8002EC23B /* AppColor.swift */; };
		A978E03C2A0369BC003054C1 /* Assets.xcassets in Resources */ = {isa = PBXBuildFile; fileRef = 3798630829EFDD71002EC23B /* Assets.xcassets */; };
		A978E03D2A036B5A003054C1 /* Poppins-SemiBold.ttf in Resources */ = {isa = PBXBuildFile; fileRef = A907AC1029F2D9B3008FC81B /* Poppins-SemiBold.ttf */; };
		A978E03E2A036B5E003054C1 /* Poppins-Regular.ttf in Resources */ = {isa = PBXBuildFile; fileRef = A907AC0E29F2D9B3008FC81B /* Poppins-Regular.ttf */; };
		A978E03F2A036B61003054C1 /* Poppins-Medium.ttf in Resources */ = {isa = PBXBuildFile; fileRef = A907AC0F29F2D9B3008FC81B /* Poppins-Medium.ttf */; };
		A978E0402A036B64003054C1 /* Poppins-Light.ttf in Resources */ = {isa = PBXBuildFile; fileRef = A907AC1129F2D9B3008FC81B /* Poppins-Light.ttf */; };
		A978E0412A036B67003054C1 /* Poppins-Bold.ttf in Resources */ = {isa = PBXBuildFile; fileRef = A907AC1229F2D9B3008FC81B /* Poppins-Bold.ttf */; };
		A978E04C2A04A437003054C1 /* NSImageTransformer.swift in Sources */ = {isa = PBXBuildFile; fileRef = A978E04B2A04A437003054C1 /* NSImageTransformer.swift */; };
		A978E04D2A04A437003054C1 /* NSImageTransformer.swift in Sources */ = {isa = PBXBuildFile; fileRef = A978E04B2A04A437003054C1 /* NSImageTransformer.swift */; };
		A97CEA8E29F255330058F9FA /* CoreDataModel.xcdatamodeld in Sources */ = {isa = PBXBuildFile; fileRef = A97CEA8C29F255330058F9FA /* CoreDataModel.xcdatamodeld */; };
		A97CEA9029F261E20058F9FA /* GenerateChallengeView.swift in Sources */ = {isa = PBXBuildFile; fileRef = A97CEA8F29F261E20058F9FA /* GenerateChallengeView.swift */; };
		A97CEA9229F267670058F9FA /* ChallengeCardView.swift in Sources */ = {isa = PBXBuildFile; fileRef = A97CEA9129F267670058F9FA /* ChallengeCardView.swift */; };
		A97CEA9429F26E6F0058F9FA /* CategoryCapsuleView.swift in Sources */ = {isa = PBXBuildFile; fileRef = A97CEA9329F26E6F0058F9FA /* CategoryCapsuleView.swift */; };
		A9CA6A9529FC29000053323A /* UserViewModel.swift in Sources */ = {isa = PBXBuildFile; fileRef = A9CA6A9429FC29000053323A /* UserViewModel.swift */; };
/* End PBXBuildFile section */

/* Begin PBXContainerItemProxy section */
		A978DFE22A015B6F003054C1 /* PBXContainerItemProxy */ = {
			isa = PBXContainerItemProxy;
			containerPortal = 379862F929EFDD70002EC23B /* Project object */;
			proxyType = 1;
			remoteGlobalIDString = A978DFCE2A015B6D003054C1;
			remoteInfo = PlaydateWidgetExtension;
		};
/* End PBXContainerItemProxy section */

/* Begin PBXCopyFilesBuildPhase section */
		A978DFE52A015B6F003054C1 /* Embed Foundation Extensions */ = {
			isa = PBXCopyFilesBuildPhase;
			buildActionMask = 2147483647;
			dstPath = "";
			dstSubfolderSpec = 13;
			files = (
				A978DFE42A015B6F003054C1 /* PlaydateWidgetExtension.appex in Embed Foundation Extensions */,
			);
			name = "Embed Foundation Extensions";
			runOnlyForDeploymentPostprocessing = 0;
		};
/* End PBXCopyFilesBuildPhase section */

/* Begin PBXFileReference section */
		371D4B432A02C75900E85E1B /* FixedSizeNoFillRoundedButtonStyle.swift */ = {isa = PBXFileReference; lastKnownFileType = sourcecode.swift; path = FixedSizeNoFillRoundedButtonStyle.swift; sourceTree = "<group>"; };
		371D4B4B2A03944E00E85E1B /* PhotoDetailModal.swift */ = {isa = PBXFileReference; lastKnownFileType = sourcecode.swift; path = PhotoDetailModal.swift; sourceTree = "<group>"; };
		371D4B4D2A03A32A00E85E1B /* Poppins-Italic.ttf */ = {isa = PBXFileReference; lastKnownFileType = file; path = "Poppins-Italic.ttf"; sourceTree = "<group>"; };
		371D4B512A03ACA000E85E1B /* NewProfileView.swift */ = {isa = PBXFileReference; lastKnownFileType = sourcecode.swift; path = NewProfileView.swift; sourceTree = "<group>"; };
		375656B029FA5C79003D9458 /* TimerView.swift */ = {isa = PBXFileReference; lastKnownFileType = sourcecode.swift; path = TimerView.swift; sourceTree = "<group>"; };
		3763418729F2172C00F37080 /* SplashView.swift */ = {isa = PBXFileReference; lastKnownFileType = sourcecode.swift; path = SplashView.swift; sourceTree = "<group>"; };
		3763418929F21A8800F37080 /* OnboardingView.swift */ = {isa = PBXFileReference; lastKnownFileType = sourcecode.swift; path = OnboardingView.swift; sourceTree = "<group>"; };
		3763418B29F2207C00F37080 /* RoundedButtonStyle.swift */ = {isa = PBXFileReference; lastKnownFileType = sourcecode.swift; path = RoundedButtonStyle.swift; sourceTree = "<group>"; };
		3763418D29F2221000F37080 /* FixedSizeRoundedButtonStyle.swift */ = {isa = PBXFileReference; lastKnownFileType = sourcecode.swift; path = FixedSizeRoundedButtonStyle.swift; sourceTree = "<group>"; };
		3763419629F227C800F37080 /* TabBarView.swift */ = {isa = PBXFileReference; lastKnownFileType = sourcecode.swift; path = TabBarView.swift; sourceTree = "<group>"; };
		3798630129EFDD70002EC23B /* Playdate.app */ = {isa = PBXFileReference; explicitFileType = wrapper.application; includeInIndex = 0; path = Playdate.app; sourceTree = BUILT_PRODUCTS_DIR; };
		3798630429EFDD70002EC23B /* PlaydateApp.swift */ = {isa = PBXFileReference; lastKnownFileType = sourcecode.swift; path = PlaydateApp.swift; sourceTree = "<group>"; };
		3798630629EFDD70002EC23B /* ContentView.swift */ = {isa = PBXFileReference; lastKnownFileType = sourcecode.swift; path = ContentView.swift; sourceTree = "<group>"; };
		3798630829EFDD71002EC23B /* Assets.xcassets */ = {isa = PBXFileReference; lastKnownFileType = folder.assetcatalog; path = Assets.xcassets; sourceTree = "<group>"; };
		3798630B29EFDD71002EC23B /* Preview Assets.xcassets */ = {isa = PBXFileReference; lastKnownFileType = folder.assetcatalog; path = "Preview Assets.xcassets"; sourceTree = "<group>"; };
		3798631529EFE01B002EC23B /* Prompt.swift */ = {isa = PBXFileReference; lastKnownFileType = sourcecode.swift; path = Prompt.swift; sourceTree = "<group>"; };
		3798631729EFE033002EC23B /* Error.swift */ = {isa = PBXFileReference; lastKnownFileType = sourcecode.swift; path = Error.swift; sourceTree = "<group>"; };
		3798631C29EFE0B5002EC23B /* NetworkManager.swift */ = {isa = PBXFileReference; lastKnownFileType = sourcecode.swift; path = NetworkManager.swift; sourceTree = "<group>"; };
		3798632229EFE11F002EC23B /* CoreDataManager.swift */ = {isa = PBXFileReference; lastKnownFileType = sourcecode.swift; path = CoreDataManager.swift; sourceTree = "<group>"; };
		3798632B29EFE1D8002EC23B /* AppColor.swift */ = {isa = PBXFileReference; lastKnownFileType = sourcecode.swift; path = AppColor.swift; sourceTree = "<group>"; };
		37E2996829F556CF00D7A150 /* RegistrationView.swift */ = {isa = PBXFileReference; lastKnownFileType = sourcecode.swift; path = RegistrationView.swift; sourceTree = "<group>"; };
		37E2996D29F55D9400D7A150 /* BorderedTextFieldStyle.swift */ = {isa = PBXFileReference; lastKnownFileType = sourcecode.swift; path = BorderedTextFieldStyle.swift; sourceTree = "<group>"; };
		37E2997529F5602400D7A150 /* ProfileView.swift */ = {isa = PBXFileReference; lastKnownFileType = sourcecode.swift; path = ProfileView.swift; sourceTree = "<group>"; };
		37E2999B29F61B1C00D7A150 /* submitPageExperimental.swift */ = {isa = PBXFileReference; lastKnownFileType = sourcecode.swift; path = submitPageExperimental.swift; sourceTree = "<group>"; };
		37E2999D29F6293800D7A150 /* UnborderedTextFieldStyle.swift */ = {isa = PBXFileReference; lastKnownFileType = sourcecode.swift; path = UnborderedTextFieldStyle.swift; sourceTree = "<group>"; };
		37E2999F29F62EE900D7A150 /* temporaryCountdownView.swift */ = {isa = PBXFileReference; lastKnownFileType = sourcecode.swift; path = temporaryCountdownView.swift; sourceTree = "<group>"; };
		657F02D42A0317D0005D70DC /* MemoryLaneView.swift */ = {isa = PBXFileReference; lastKnownFileType = sourcecode.swift; path = MemoryLaneView.swift; sourceTree = "<group>"; };
		65BA58722A043A4B001C827B /* SelectImageView.swift */ = {isa = PBXFileReference; fileEncoding = 4; lastKnownFileType = sourcecode.swift; path = SelectImageView.swift; sourceTree = "<group>"; };
		A503D9F72A0265DE00C0CCCF /* ChallengeSumbitPage2.swift */ = {isa = PBXFileReference; lastKnownFileType = sourcecode.swift; path = ChallengeSumbitPage2.swift; sourceTree = "<group>"; };
		A5325A1429F40E8C0073219B /* ChallengeCardSmall.swift */ = {isa = PBXFileReference; lastKnownFileType = sourcecode.swift; name = ChallengeCardSmall.swift; path = Playdate/Features/Challenge/Presenters/Views/ChallengeCardSmall.swift; sourceTree = SOURCE_ROOT; };
		A5325A1629F5102E0073219B /* ChallengeSubmitModal.swift */ = {isa = PBXFileReference; lastKnownFileType = sourcecode.swift; path = ChallengeSubmitModal.swift; sourceTree = "<group>"; };
		A5325A1829F55CFB0073219B /* FirebaseFunctional.swift */ = {isa = PBXFileReference; lastKnownFileType = sourcecode.swift; path = FirebaseFunctional.swift; sourceTree = "<group>"; };
		A58E5DA129F40070005B2FF8 /* reviewPageExperimental.swift */ = {isa = PBXFileReference; lastKnownFileType = sourcecode.swift; path = reviewPageExperimental.swift; sourceTree = "<group>"; };
		A58E5DA329F40AEF005B2FF8 /* ChallangeReviewModal.swift */ = {isa = PBXFileReference; lastKnownFileType = sourcecode.swift; path = ChallangeReviewModal.swift; sourceTree = "<group>"; };
		A5AE7D7E29F186E400BD5CAE /* GoogleService-Info.plist */ = {isa = PBXFileReference; fileEncoding = 4; lastKnownFileType = text.plist.xml; path = "GoogleService-Info.plist"; sourceTree = "<group>"; };
		A5AE7D8029F1889100BD5CAE /* ChallengeFirebase.swift */ = {isa = PBXFileReference; lastKnownFileType = sourcecode.swift; path = ChallengeFirebase.swift; sourceTree = "<group>"; };
		A5AE7D8229F1895A00BD5CAE /* DataManager.swift */ = {isa = PBXFileReference; lastKnownFileType = sourcecode.swift; path = DataManager.swift; sourceTree = "<group>"; };
		A5AE7D8429F18C1300BD5CAE /* challengeFirebaseExperiment.swift */ = {isa = PBXFileReference; lastKnownFileType = sourcecode.swift; path = challengeFirebaseExperiment.swift; sourceTree = "<group>"; };
		A5B8CE492A0253690009AA52 /* ChallengeSubmitPage1.swift */ = {isa = PBXFileReference; lastKnownFileType = sourcecode.swift; path = ChallengeSubmitPage1.swift; sourceTree = "<group>"; };
		A907AC0E29F2D9B3008FC81B /* Poppins-Regular.ttf */ = {isa = PBXFileReference; lastKnownFileType = file; path = "Poppins-Regular.ttf"; sourceTree = "<group>"; };
		A907AC0F29F2D9B3008FC81B /* Poppins-Medium.ttf */ = {isa = PBXFileReference; lastKnownFileType = file; path = "Poppins-Medium.ttf"; sourceTree = "<group>"; };
		A907AC1029F2D9B3008FC81B /* Poppins-SemiBold.ttf */ = {isa = PBXFileReference; lastKnownFileType = file; path = "Poppins-SemiBold.ttf"; sourceTree = "<group>"; };
		A907AC1129F2D9B3008FC81B /* Poppins-Light.ttf */ = {isa = PBXFileReference; lastKnownFileType = file; path = "Poppins-Light.ttf"; sourceTree = "<group>"; };
		A907AC1229F2D9B3008FC81B /* Poppins-Bold.ttf */ = {isa = PBXFileReference; lastKnownFileType = file; path = "Poppins-Bold.ttf"; sourceTree = "<group>"; };
		A907AC1829F2D9C3008FC81B /* Info.plist */ = {isa = PBXFileReference; lastKnownFileType = text.plist; path = Info.plist; sourceTree = "<group>"; };
		A9090C0929F2C5A500BD171B /* OngoingChallengeView.swift */ = {isa = PBXFileReference; lastKnownFileType = sourcecode.swift; path = OngoingChallengeView.swift; sourceTree = "<group>"; };
		A925E2E429F437DB000F66C9 /* ChallengeViewModel.swift */ = {isa = PBXFileReference; lastKnownFileType = sourcecode.swift; path = ChallengeViewModel.swift; sourceTree = "<group>"; };
		A925E2E629F446EC000F66C9 /* MemoryViewModel.swift */ = {isa = PBXFileReference; lastKnownFileType = sourcecode.swift; path = MemoryViewModel.swift; sourceTree = "<group>"; };
		A978DFA72A001950003054C1 /* Memory+CoreDataClass.swift */ = {isa = PBXFileReference; lastKnownFileType = sourcecode.swift; path = "Memory+CoreDataClass.swift"; sourceTree = "<group>"; };
		A978DFA82A001950003054C1 /* Memory+CoreDataProperties.swift */ = {isa = PBXFileReference; lastKnownFileType = sourcecode.swift; path = "Memory+CoreDataProperties.swift"; sourceTree = "<group>"; };
		A978DFCF2A015B6D003054C1 /* PlaydateWidgetExtension.appex */ = {isa = PBXFileReference; explicitFileType = "wrapper.app-extension"; includeInIndex = 0; path = PlaydateWidgetExtension.appex; sourceTree = BUILT_PRODUCTS_DIR; };
		A978DFD12A015B6D003054C1 /* WidgetKit.framework */ = {isa = PBXFileReference; lastKnownFileType = wrapper.framework; name = WidgetKit.framework; path = System/Library/Frameworks/WidgetKit.framework; sourceTree = SDKROOT; };
		A978DFD32A015B6D003054C1 /* SwiftUI.framework */ = {isa = PBXFileReference; lastKnownFileType = wrapper.framework; name = SwiftUI.framework; path = System/Library/Frameworks/SwiftUI.framework; sourceTree = SDKROOT; };
		A978DFD62A015B6D003054C1 /* PlaydateWidgetBundle.swift */ = {isa = PBXFileReference; lastKnownFileType = sourcecode.swift; path = PlaydateWidgetBundle.swift; sourceTree = "<group>"; };
		A978DFD82A015B6D003054C1 /* PlaydateWidgetLiveActivity.swift */ = {isa = PBXFileReference; lastKnownFileType = sourcecode.swift; path = PlaydateWidgetLiveActivity.swift; sourceTree = "<group>"; };
		A978DFDA2A015B6D003054C1 /* PlaydateWidget.swift */ = {isa = PBXFileReference; lastKnownFileType = sourcecode.swift; path = PlaydateWidget.swift; sourceTree = "<group>"; };
		A978DFDC2A015B6D003054C1 /* PlaydateWidget.intentdefinition */ = {isa = PBXFileReference; lastKnownFileType = file.intentdefinition; path = PlaydateWidget.intentdefinition; sourceTree = "<group>"; };
		A978DFDD2A015B6F003054C1 /* Assets.xcassets */ = {isa = PBXFileReference; lastKnownFileType = folder.assetcatalog; path = Assets.xcassets; sourceTree = "<group>"; };
		A978DFDF2A015B6F003054C1 /* Info.plist */ = {isa = PBXFileReference; lastKnownFileType = text.plist.xml; path = Info.plist; sourceTree = "<group>"; };
		A978E0492A039925003054C1 /* Playdate.entitlements */ = {isa = PBXFileReference; lastKnownFileType = text.plist.entitlements; path = Playdate.entitlements; sourceTree = "<group>"; };
		A978E04A2A039936003054C1 /* PlaydateWidgetExtension.entitlements */ = {isa = PBXFileReference; lastKnownFileType = text.plist.entitlements; path = PlaydateWidgetExtension.entitlements; sourceTree = "<group>"; };
		A978E04B2A04A437003054C1 /* NSImageTransformer.swift */ = {isa = PBXFileReference; lastKnownFileType = sourcecode.swift; path = NSImageTransformer.swift; sourceTree = "<group>"; };
		A97CEA8D29F255330058F9FA /* CoreDataModel.xcdatamodel */ = {isa = PBXFileReference; lastKnownFileType = wrapper.xcdatamodel; path = CoreDataModel.xcdatamodel; sourceTree = "<group>"; };
		A97CEA8F29F261E20058F9FA /* GenerateChallengeView.swift */ = {isa = PBXFileReference; lastKnownFileType = sourcecode.swift; path = GenerateChallengeView.swift; sourceTree = "<group>"; };
		A97CEA9129F267670058F9FA /* ChallengeCardView.swift */ = {isa = PBXFileReference; lastKnownFileType = sourcecode.swift; name = ChallengeCardView.swift; path = Playdate/Features/Challenge/Presenters/Views/ChallengeCardView.swift; sourceTree = SOURCE_ROOT; };
		A97CEA9329F26E6F0058F9FA /* CategoryCapsuleView.swift */ = {isa = PBXFileReference; lastKnownFileType = sourcecode.swift; name = CategoryCapsuleView.swift; path = Playdate/Features/Challenge/Presenters/Views/CategoryCapsuleView.swift; sourceTree = SOURCE_ROOT; };
		A9CA6A9429FC29000053323A /* UserViewModel.swift */ = {isa = PBXFileReference; lastKnownFileType = sourcecode.swift; path = UserViewModel.swift; sourceTree = "<group>"; };
/* End PBXFileReference section */

/* Begin PBXFrameworksBuildPhase section */
		379862FE29EFDD70002EC23B /* Frameworks */ = {
			isa = PBXFrameworksBuildPhase;
			buildActionMask = 2147483647;
			files = (
				A5AE7D7B29F1864200BD5CAE /* FirebaseAuth in Frameworks */,
				A5AE7D7D29F1864200BD5CAE /* FirebaseFirestore in Frameworks */,
			);
			runOnlyForDeploymentPostprocessing = 0;
		};
		A978DFCC2A015B6D003054C1 /* Frameworks */ = {
			isa = PBXFrameworksBuildPhase;
			buildActionMask = 2147483647;
			files = (
				A978DFF32A01660F003054C1 /* SwiftUI.framework in Frameworks */,
				A978DFF62A016612003054C1 /* WidgetKit.framework in Frameworks */,
			);
			runOnlyForDeploymentPostprocessing = 0;
		};
/* End PBXFrameworksBuildPhase section */

/* Begin PBXGroup section */
		3763418F29F2254700F37080 /* Profile */ = {
			isa = PBXGroup;
			children = (
				3763419529F2258E00F37080 /* Models */,
				3763419429F2257900F37080 /* View Models */,
				3763419029F2255100F37080 /* Presenters */,
			);
			path = Profile;
			sourceTree = "<group>";
		};
		3763419029F2255100F37080 /* Presenters */ = {
			isa = PBXGroup;
			children = (
				3763419329F2256700F37080 /* Views */,
				3763419229F2256100F37080 /* Components */,
				3763419129F2255A00F37080 /* Extension */,
			);
			path = Presenters;
			sourceTree = "<group>";
		};
		3763419129F2255A00F37080 /* Extension */ = {
			isa = PBXGroup;
			children = (
			);
			path = Extension;
			sourceTree = "<group>";
		};
		3763419229F2256100F37080 /* Components */ = {
			isa = PBXGroup;
			children = (
			);
			path = Components;
			sourceTree = "<group>";
		};
		3763419329F2256700F37080 /* Views */ = {
			isa = PBXGroup;
			children = (
				37E2997529F5602400D7A150 /* ProfileView.swift */,
				371D4B512A03ACA000E85E1B /* NewProfileView.swift */,
			);
			path = Views;
			sourceTree = "<group>";
		};
		3763419429F2257900F37080 /* View Models */ = {
			isa = PBXGroup;
			children = (
				A9CA6A9429FC29000053323A /* UserViewModel.swift */,
			);
			path = "View Models";
			sourceTree = "<group>";
		};
		3763419529F2258E00F37080 /* Models */ = {
			isa = PBXGroup;
			children = (
			);
			path = Models;
			sourceTree = "<group>";
		};
		379862F829EFDD70002EC23B = {
			isa = PBXGroup;
			children = (
				A978E04A2A039936003054C1 /* PlaydateWidgetExtension.entitlements */,
				3798630329EFDD70002EC23B /* Playdate */,
				A978DFD52A015B6D003054C1 /* PlaydateWidget */,
				A978DFD02A015B6D003054C1 /* Frameworks */,
				3798630229EFDD70002EC23B /* Products */,
			);
			sourceTree = "<group>";
		};
		3798630229EFDD70002EC23B /* Products */ = {
			isa = PBXGroup;
			children = (
				3798630129EFDD70002EC23B /* Playdate.app */,
				A978DFCF2A015B6D003054C1 /* PlaydateWidgetExtension.appex */,
			);
			name = Products;
			sourceTree = "<group>";
		};
		3798630329EFDD70002EC23B /* Playdate */ = {
			isa = PBXGroup;
			children = (
				A978E0492A039925003054C1 /* Playdate.entitlements */,
				A5B8CE482A0252680009AA52 /* Experimental */,
				A907AC1829F2D9C3008FC81B /* Info.plist */,
				A5AE7D7E29F186E400BD5CAE /* GoogleService-Info.plist */,
				3798632E29EFE208002EC23B /* Features */,
				3798631329EFDF85002EC23B /* Core */,
				3798631229EFDF44002EC23B /* Application */,
				3798630629EFDD70002EC23B /* ContentView.swift */,
				3798630A29EFDD71002EC23B /* Preview Content */,
			);
			path = Playdate;
			sourceTree = "<group>";
		};
		3798630A29EFDD71002EC23B /* Preview Content */ = {
			isa = PBXGroup;
			children = (
				3798630B29EFDD71002EC23B /* Preview Assets.xcassets */,
			);
			path = "Preview Content";
			sourceTree = "<group>";
		};
		3798631229EFDF44002EC23B /* Application */ = {
			isa = PBXGroup;
			children = (
				3798630429EFDD70002EC23B /* PlaydateApp.swift */,
			);
			path = Application;
			sourceTree = "<group>";
		};
		3798631329EFDF85002EC23B /* Core */ = {
			isa = PBXGroup;
			children = (
				3798632D29EFE1F4002EC23B /* Extension */,
				3798632429EFE156002EC23B /* Themes */,
				3798631A29EFE094002EC23B /* Utilities */,
				3798631929EFE047002EC23B /* Resources */,
				3798631429EFDFFD002EC23B /* Constants */,
			);
			path = Core;
			sourceTree = "<group>";
		};
		3798631429EFDFFD002EC23B /* Constants */ = {
			isa = PBXGroup;
			children = (
				3798631529EFE01B002EC23B /* Prompt.swift */,
				3798631729EFE033002EC23B /* Error.swift */,
			);
			name = Constants;
			sourceTree = "<group>";
		};
		3798631929EFE047002EC23B /* Resources */ = {
			isa = PBXGroup;
			children = (
				A907AC0D29F2D99D008FC81B /* Fonts */,
				3798630829EFDD71002EC23B /* Assets.xcassets */,
			);
			name = Resources;
			sourceTree = "<group>";
		};
		3798631A29EFE094002EC23B /* Utilities */ = {
			isa = PBXGroup;
			children = (
				3798632129EFE0F8002EC23B /* CoreData */,
				3798631E29EFE0BE002EC23B /* Firebase */,
				3798631B29EFE09F002EC23B /* Networking */,
			);
			path = Utilities;
			sourceTree = "<group>";
		};
		3798631B29EFE09F002EC23B /* Networking */ = {
			isa = PBXGroup;
			children = (
				3798631C29EFE0B5002EC23B /* NetworkManager.swift */,
			);
			path = Networking;
			sourceTree = "<group>";
		};
		3798631E29EFE0BE002EC23B /* Firebase */ = {
			isa = PBXGroup;
			children = (
				A5AE7D8029F1889100BD5CAE /* ChallengeFirebase.swift */,
				A5AE7D8229F1895A00BD5CAE /* DataManager.swift */,
				A5325A1829F55CFB0073219B /* FirebaseFunctional.swift */,
			);
			path = Firebase;
			sourceTree = "<group>";
		};
		3798632129EFE0F8002EC23B /* CoreData */ = {
			isa = PBXGroup;
			children = (
				3798632229EFE11F002EC23B /* CoreDataManager.swift */,
				A97CEA8C29F255330058F9FA /* CoreDataModel.xcdatamodeld */,
				A978E04B2A04A437003054C1 /* NSImageTransformer.swift */,
			);
			path = CoreData;
			sourceTree = "<group>";
		};
		3798632429EFE156002EC23B /* Themes */ = {
			isa = PBXGroup;
			children = (
				3798632929EFE1C1002EC23B /* Colors */,
				3798632529EFE186002EC23B /* Presenters */,
			);
			path = Themes;
			sourceTree = "<group>";
		};
		3798632529EFE186002EC23B /* Presenters */ = {
			isa = PBXGroup;
			children = (
				3798632829EFE1A7002EC23B /* Modifiers */,
				3798632729EFE19D002EC23B /* Components */,
				3798632629EFE18F002EC23B /* Views */,
			);
			path = Presenters;
			sourceTree = "<group>";
		};
		3798632629EFE18F002EC23B /* Views */ = {
			isa = PBXGroup;
			children = (
				3763418729F2172C00F37080 /* SplashView.swift */,
				3763418929F21A8800F37080 /* OnboardingView.swift */,
				37E2996829F556CF00D7A150 /* RegistrationView.swift */,
			);
			path = Views;
			sourceTree = "<group>";
		};
		3798632729EFE19D002EC23B /* Components */ = {
			isa = PBXGroup;
			children = (
				3763418B29F2207C00F37080 /* RoundedButtonStyle.swift */,
				3763418D29F2221000F37080 /* FixedSizeRoundedButtonStyle.swift */,
				371D4B432A02C75900E85E1B /* FixedSizeNoFillRoundedButtonStyle.swift */,
				37E2996D29F55D9400D7A150 /* BorderedTextFieldStyle.swift */,
				3763419629F227C800F37080 /* TabBarView.swift */,
			);
			path = Components;
			sourceTree = "<group>";
		};
		3798632829EFE1A7002EC23B /* Modifiers */ = {
			isa = PBXGroup;
			children = (
			);
			path = Modifiers;
			sourceTree = "<group>";
		};
		3798632929EFE1C1002EC23B /* Colors */ = {
			isa = PBXGroup;
			children = (
				3798632B29EFE1D8002EC23B /* AppColor.swift */,
			);
			path = Colors;
			sourceTree = "<group>";
		};
		3798632D29EFE1F4002EC23B /* Extension */ = {
			isa = PBXGroup;
			children = (
			);
			path = Extension;
			sourceTree = "<group>";
		};
		3798632E29EFE208002EC23B /* Features */ = {
			isa = PBXGroup;
			children = (
				3763418F29F2254700F37080 /* Profile */,
				3798633629EFE26B002EC23B /* Memory */,
				3798632F29EFE213002EC23B /* Challenge */,
			);
			path = Features;
			sourceTree = "<group>";
		};
		3798632F29EFE213002EC23B /* Challenge */ = {
			isa = PBXGroup;
			children = (
				3798633229EFE23C002EC23B /* Presenters */,
				3798633129EFE225002EC23B /* ViewModels */,
				3798633029EFE21E002EC23B /* Models */,
			);
			path = Challenge;
			sourceTree = "<group>";
		};
		3798633029EFE21E002EC23B /* Models */ = {
			isa = PBXGroup;
			children = (
				A978DFA72A001950003054C1 /* Memory+CoreDataClass.swift */,
				A978DFA82A001950003054C1 /* Memory+CoreDataProperties.swift */,
			);
			path = Models;
			sourceTree = "<group>";
		};
		3798633129EFE225002EC23B /* ViewModels */ = {
			isa = PBXGroup;
			children = (
				A925E2E429F437DB000F66C9 /* ChallengeViewModel.swift */,
			);
			path = ViewModels;
			sourceTree = "<group>";
		};
		3798633229EFE23C002EC23B /* Presenters */ = {
			isa = PBXGroup;
			children = (
				3798633529EFE25D002EC23B /* Extension */,
				3798633429EFE255002EC23B /* Components */,
				3798633329EFE245002EC23B /* Views */,
			);
			path = Presenters;
			sourceTree = "<group>";
		};
		3798633329EFE245002EC23B /* Views */ = {
			isa = PBXGroup;
			children = (
				A58E5DA129F40070005B2FF8 /* reviewPageExperimental.swift */,
				A97CEA8F29F261E20058F9FA /* GenerateChallengeView.swift */,
				A9090C0929F2C5A500BD171B /* OngoingChallengeView.swift */,
				A58E5DA329F40AEF005B2FF8 /* ChallangeReviewModal.swift */,
				A5325A1629F5102E0073219B /* ChallengeSubmitModal.swift */,
				375656B029FA5C79003D9458 /* TimerView.swift */,
				37E2999F29F62EE900D7A150 /* temporaryCountdownView.swift */,
				A5B8CE492A0253690009AA52 /* ChallengeSubmitPage1.swift */,
				A503D9F72A0265DE00C0CCCF /* ChallengeSumbitPage2.swift */,
			);
			path = Views;
			sourceTree = "<group>";
		};
		3798633429EFE255002EC23B /* Components */ = {
			isa = PBXGroup;
			children = (
				A97CEA9129F267670058F9FA /* ChallengeCardView.swift */,
				A97CEA9329F26E6F0058F9FA /* CategoryCapsuleView.swift */,
				A5325A1429F40E8C0073219B /* ChallengeCardSmall.swift */,
				37E2999D29F6293800D7A150 /* UnborderedTextFieldStyle.swift */,
			);
			path = Components;
			sourceTree = "<group>";
		};
		3798633529EFE25D002EC23B /* Extension */ = {
			isa = PBXGroup;
			children = (
			);
			path = Extension;
			sourceTree = "<group>";
		};
		3798633629EFE26B002EC23B /* Memory */ = {
			isa = PBXGroup;
			children = (
				37E2996F29F55F5D00D7A150 /* Models */,
				37E2997029F55F6300D7A150 /* View Models */,
				37E2997129F55F7300D7A150 /* Presenters */,
			);
			path = Memory;
			sourceTree = "<group>";
		};
		37E2996F29F55F5D00D7A150 /* Models */ = {
			isa = PBXGroup;
			children = (
			);
			path = Models;
			sourceTree = "<group>";
		};
		37E2997029F55F6300D7A150 /* View Models */ = {
			isa = PBXGroup;
			children = (
				A925E2E629F446EC000F66C9 /* MemoryViewModel.swift */,
			);
			path = "View Models";
			sourceTree = "<group>";
		};
		37E2997129F55F7300D7A150 /* Presenters */ = {
			isa = PBXGroup;
			children = (
				37E2997229F55F8F00D7A150 /* Views */,
				37E2997329F55F9700D7A150 /* Components */,
				37E2997429F55F9E00D7A150 /* Extension */,
			);
			path = Presenters;
			sourceTree = "<group>";
		};
		37E2997229F55F8F00D7A150 /* Views */ = {
			isa = PBXGroup;
			children = (
				657F02D42A0317D0005D70DC /* MemoryLaneView.swift */,
				371D4B4B2A03944E00E85E1B /* PhotoDetailModal.swift */,
			);
			path = Views;
			sourceTree = "<group>";
		};
		37E2997329F55F9700D7A150 /* Components */ = {
			isa = PBXGroup;
			children = (
				65BA58722A043A4B001C827B /* SelectImageView.swift */,
			);
			path = Components;
			sourceTree = "<group>";
		};
		37E2997429F55F9E00D7A150 /* Extension */ = {
			isa = PBXGroup;
			children = (
			);
			path = Extension;
			sourceTree = "<group>";
		};
		A5B8CE482A0252680009AA52 /* Experimental */ = {
			isa = PBXGroup;
			children = (
				A5AE7D8429F18C1300BD5CAE /* challengeFirebaseExperiment.swift */,
				37E2999B29F61B1C00D7A150 /* submitPageExperimental.swift */,
			);
			path = Experimental;
			sourceTree = "<group>";
		};
		A907AC0D29F2D99D008FC81B /* Fonts */ = {
			isa = PBXGroup;
			children = (
				371D4B4D2A03A32A00E85E1B /* Poppins-Italic.ttf */,
				A907AC1229F2D9B3008FC81B /* Poppins-Bold.ttf */,
				A907AC1129F2D9B3008FC81B /* Poppins-Light.ttf */,
				A907AC0F29F2D9B3008FC81B /* Poppins-Medium.ttf */,
				A907AC0E29F2D9B3008FC81B /* Poppins-Regular.ttf */,
				A907AC1029F2D9B3008FC81B /* Poppins-SemiBold.ttf */,
			);
			name = Fonts;
			sourceTree = "<group>";
		};
		A978DFD02A015B6D003054C1 /* Frameworks */ = {
			isa = PBXGroup;
			children = (
				A978DFD12A015B6D003054C1 /* WidgetKit.framework */,
				A978DFD32A015B6D003054C1 /* SwiftUI.framework */,
			);
			name = Frameworks;
			sourceTree = "<group>";
		};
		A978DFD52A015B6D003054C1 /* PlaydateWidget */ = {
			isa = PBXGroup;
			children = (
				A978DFD62A015B6D003054C1 /* PlaydateWidgetBundle.swift */,
				A978DFD82A015B6D003054C1 /* PlaydateWidgetLiveActivity.swift */,
				A978DFDA2A015B6D003054C1 /* PlaydateWidget.swift */,
				A978DFDC2A015B6D003054C1 /* PlaydateWidget.intentdefinition */,
				A978DFDD2A015B6F003054C1 /* Assets.xcassets */,
				A978DFDF2A015B6F003054C1 /* Info.plist */,
			);
			path = PlaydateWidget;
			sourceTree = "<group>";
		};
/* End PBXGroup section */

/* Begin PBXNativeTarget section */
		3798630029EFDD70002EC23B /* Playdate */ = {
			isa = PBXNativeTarget;
			buildConfigurationList = 3798630F29EFDD71002EC23B /* Build configuration list for PBXNativeTarget "Playdate" */;
			buildPhases = (
				379862FD29EFDD70002EC23B /* Sources */,
				379862FE29EFDD70002EC23B /* Frameworks */,
				379862FF29EFDD70002EC23B /* Resources */,
				A978DFE52A015B6F003054C1 /* Embed Foundation Extensions */,
			);
			buildRules = (
			);
			dependencies = (
				A978DFE32A015B6F003054C1 /* PBXTargetDependency */,
			);
			name = Playdate;
			packageProductDependencies = (
				A5AE7D7A29F1864200BD5CAE /* FirebaseAuth */,
				A5AE7D7C29F1864200BD5CAE /* FirebaseFirestore */,
			);
			productName = Playdate;
			productReference = 3798630129EFDD70002EC23B /* Playdate.app */;
			productType = "com.apple.product-type.application";
		};
		A978DFCE2A015B6D003054C1 /* PlaydateWidgetExtension */ = {
			isa = PBXNativeTarget;
			buildConfigurationList = A978DFE82A015B6F003054C1 /* Build configuration list for PBXNativeTarget "PlaydateWidgetExtension" */;
			buildPhases = (
				A978DFCB2A015B6D003054C1 /* Sources */,
				A978DFCC2A015B6D003054C1 /* Frameworks */,
				A978DFCD2A015B6D003054C1 /* Resources */,
			);
			buildRules = (
			);
			dependencies = (
			);
			name = PlaydateWidgetExtension;
			productName = PlaydateWidgetExtension;
			productReference = A978DFCF2A015B6D003054C1 /* PlaydateWidgetExtension.appex */;
			productType = "com.apple.product-type.app-extension";
		};
/* End PBXNativeTarget section */

/* Begin PBXProject section */
		379862F929EFDD70002EC23B /* Project object */ = {
			isa = PBXProject;
			attributes = {
				BuildIndependentTargetsInParallel = 1;
				LastSwiftUpdateCheck = 1430;
				LastUpgradeCheck = 1420;
				TargetAttributes = {
					3798630029EFDD70002EC23B = {
						CreatedOnToolsVersion = 14.2;
					};
					A978DFCE2A015B6D003054C1 = {
						CreatedOnToolsVersion = 14.3;
					};
				};
			};
			buildConfigurationList = 379862FC29EFDD70002EC23B /* Build configuration list for PBXProject "Playdate" */;
			compatibilityVersion = "Xcode 14.0";
			developmentRegion = en;
			hasScannedForEncodings = 0;
			knownRegions = (
				en,
				Base,
			);
			mainGroup = 379862F829EFDD70002EC23B;
			packageReferences = (
				A5AE7D7929F1864200BD5CAE /* XCRemoteSwiftPackageReference "firebase-ios-sdk" */,
			);
			productRefGroup = 3798630229EFDD70002EC23B /* Products */;
			projectDirPath = "";
			projectRoot = "";
			targets = (
				3798630029EFDD70002EC23B /* Playdate */,
				A978DFCE2A015B6D003054C1 /* PlaydateWidgetExtension */,
			);
		};
/* End PBXProject section */

/* Begin PBXResourcesBuildPhase section */
		379862FF29EFDD70002EC23B /* Resources */ = {
			isa = PBXResourcesBuildPhase;
			buildActionMask = 2147483647;
			files = (
				A907AC1629F2D9B3008FC81B /* Poppins-Light.ttf in Resources */,
				3798630C29EFDD71002EC23B /* Preview Assets.xcassets in Resources */,
				A5AE7D7F29F186E400BD5CAE /* GoogleService-Info.plist in Resources */,
				371D4B4E2A03A32A00E85E1B /* Poppins-Italic.ttf in Resources */,
				A907AC1729F2D9B3008FC81B /* Poppins-Bold.ttf in Resources */,
				3798630929EFDD71002EC23B /* Assets.xcassets in Resources */,
				A907AC1529F2D9B3008FC81B /* Poppins-SemiBold.ttf in Resources */,
				A907AC1329F2D9B3008FC81B /* Poppins-Regular.ttf in Resources */,
				A907AC1429F2D9B3008FC81B /* Poppins-Medium.ttf in Resources */,
			);
			runOnlyForDeploymentPostprocessing = 0;
		};
		A978DFCD2A015B6D003054C1 /* Resources */ = {
			isa = PBXResourcesBuildPhase;
			buildActionMask = 2147483647;
			files = (
				A978E03D2A036B5A003054C1 /* Poppins-SemiBold.ttf in Resources */,
				A978E0402A036B64003054C1 /* Poppins-Light.ttf in Resources */,
				A978E0412A036B67003054C1 /* Poppins-Bold.ttf in Resources */,
				A978E03C2A0369BC003054C1 /* Assets.xcassets in Resources */,
				A978DFDE2A015B6F003054C1 /* Assets.xcassets in Resources */,
				A978E03E2A036B5E003054C1 /* Poppins-Regular.ttf in Resources */,
				A978E03F2A036B61003054C1 /* Poppins-Medium.ttf in Resources */,
			);
			runOnlyForDeploymentPostprocessing = 0;
		};
/* End PBXResourcesBuildPhase section */

/* Begin PBXSourcesBuildPhase section */
		379862FD29EFDD70002EC23B /* Sources */ = {
			isa = PBXSourcesBuildPhase;
			buildActionMask = 2147483647;
			files = (
				A978DFE12A015B6F003054C1 /* PlaydateWidget.intentdefinition in Sources */,
				375656B129FA5C79003D9458 /* TimerView.swift in Sources */,
				37E299A029F62EE900D7A150 /* temporaryCountdownView.swift in Sources */,
				A925E2E529F437DB000F66C9 /* ChallengeViewModel.swift in Sources */,
				A5AE7D8329F1895A00BD5CAE /* DataManager.swift in Sources */,
				37E2996929F556CF00D7A150 /* RegistrationView.swift in Sources */,
				A97CEA9429F26E6F0058F9FA /* CategoryCapsuleView.swift in Sources */,
				A978DFA92A001950003054C1 /* Memory+CoreDataClass.swift in Sources */,
				3763419729F227C800F37080 /* TabBarView.swift in Sources */,
				A5325A1729F5102E0073219B /* ChallengeSubmitModal.swift in Sources */,
				A978DFAA2A001950003054C1 /* Memory+CoreDataProperties.swift in Sources */,
				371D4B4C2A03944E00E85E1B /* PhotoDetailModal.swift in Sources */,
				3798632C29EFE1D8002EC23B /* AppColor.swift in Sources */,
				3798631829EFE033002EC23B /* Error.swift in Sources */,
				3798630729EFDD70002EC23B /* ContentView.swift in Sources */,
				3763418C29F2207C00F37080 /* RoundedButtonStyle.swift in Sources */,
				37E2996E29F55D9400D7A150 /* BorderedTextFieldStyle.swift in Sources */,
				657F02D52A0317D0005D70DC /* MemoryLaneView.swift in Sources */,
				3763418829F2172C00F37080 /* SplashView.swift in Sources */,
				37E2999C29F61B1C00D7A150 /* submitPageExperimental.swift in Sources */,
				A97CEA8E29F255330058F9FA /* CoreDataModel.xcdatamodeld in Sources */,
				3798631D29EFE0B5002EC23B /* NetworkManager.swift in Sources */,
				A978E04C2A04A437003054C1 /* NSImageTransformer.swift in Sources */,
				A503D9F82A0265DE00C0CCCF /* ChallengeSumbitPage2.swift in Sources */,
				A58E5DA229F40070005B2FF8 /* reviewPageExperimental.swift in Sources */,
				A925E2E729F446EC000F66C9 /* MemoryViewModel.swift in Sources */,
				371D4B522A03ACA000E85E1B /* NewProfileView.swift in Sources */,
				A5325A1929F55CFB0073219B /* FirebaseFunctional.swift in Sources */,
				3763418E29F2221000F37080 /* FixedSizeRoundedButtonStyle.swift in Sources */,
				A9090C0A29F2C5A500BD171B /* OngoingChallengeView.swift in Sources */,
				A97CEA9029F261E20058F9FA /* GenerateChallengeView.swift in Sources */,
				371D4B442A02C75900E85E1B /* FixedSizeNoFillRoundedButtonStyle.swift in Sources */,
				3798631629EFE01B002EC23B /* Prompt.swift in Sources */,
				A9CA6A9529FC29000053323A /* UserViewModel.swift in Sources */,
				A97CEA9229F267670058F9FA /* ChallengeCardView.swift in Sources */,
				37E2997629F5602400D7A150 /* ProfileView.swift in Sources */,
				A5325A1529F40E8C0073219B /* ChallengeCardSmall.swift in Sources */,
				A5AE7D8129F1889100BD5CAE /* ChallengeFirebase.swift in Sources */,
				A58E5DA429F40AEF005B2FF8 /* ChallangeReviewModal.swift in Sources */,
				3798632329EFE11F002EC23B /* CoreDataManager.swift in Sources */,
				3798630529EFDD70002EC23B /* PlaydateApp.swift in Sources */,
				37E2999E29F6293800D7A150 /* UnborderedTextFieldStyle.swift in Sources */,
				3763418A29F21A8800F37080 /* OnboardingView.swift in Sources */,
				A978DFEA2A01640D003054C1 /* PlaydateWidget.swift in Sources */,
				65BA58732A043A4B001C827B /* SelectImageView.swift in Sources */,
				A5AE7D8529F18C1300BD5CAE /* challengeFirebaseExperiment.swift in Sources */,
				A5B8CE4A2A0253690009AA52 /* ChallengeSubmitPage1.swift in Sources */,
			);
			runOnlyForDeploymentPostprocessing = 0;
		};
		A978DFCB2A015B6D003054C1 /* Sources */ = {
			isa = PBXSourcesBuildPhase;
			buildActionMask = 2147483647;
			files = (
				A978E04D2A04A437003054C1 /* NSImageTransformer.swift in Sources */,
				A978DFF92A0166C7003054C1 /* Memory+CoreDataProperties.swift in Sources */,
				A978DFFC2A01671C003054C1 /* AppColor.swift in Sources */,
				A978DFE02A015B6F003054C1 /* PlaydateWidget.intentdefinition in Sources */,
				A978DFF82A0166C4003054C1 /* Memory+CoreDataClass.swift in Sources */,
				A978DFD92A015B6D003054C1 /* PlaydateWidgetLiveActivity.swift in Sources */,
				A978DFD72A015B6D003054C1 /* PlaydateWidgetBundle.swift in Sources */,
				A978DFFA2A0166DC003054C1 /* MemoryViewModel.swift in Sources */,
				A978DFFB2A0166F4003054C1 /* CoreDataManager.swift in Sources */,
				A978DFED2A016508003054C1 /* PlaydateWidget.swift in Sources */,
				A978DFEE2A016523003054C1 /* CoreDataModel.xcdatamodeld in Sources */,
			);
			runOnlyForDeploymentPostprocessing = 0;
		};
/* End PBXSourcesBuildPhase section */

/* Begin PBXTargetDependency section */
		A978DFE32A015B6F003054C1 /* PBXTargetDependency */ = {
			isa = PBXTargetDependency;
			target = A978DFCE2A015B6D003054C1 /* PlaydateWidgetExtension */;
			targetProxy = A978DFE22A015B6F003054C1 /* PBXContainerItemProxy */;
		};
/* End PBXTargetDependency section */

/* Begin XCBuildConfiguration section */
		3798630D29EFDD71002EC23B /* Debug */ = {
			isa = XCBuildConfiguration;
			buildSettings = {
				ALWAYS_SEARCH_USER_PATHS = NO;
				CLANG_ANALYZER_NONNULL = YES;
				CLANG_ANALYZER_NUMBER_OBJECT_CONVERSION = YES_AGGRESSIVE;
				CLANG_CXX_LANGUAGE_STANDARD = "gnu++20";
				CLANG_ENABLE_MODULES = YES;
				CLANG_ENABLE_OBJC_ARC = YES;
				CLANG_ENABLE_OBJC_WEAK = YES;
				CLANG_WARN_BLOCK_CAPTURE_AUTORELEASING = YES;
				CLANG_WARN_BOOL_CONVERSION = YES;
				CLANG_WARN_COMMA = YES;
				CLANG_WARN_CONSTANT_CONVERSION = YES;
				CLANG_WARN_DEPRECATED_OBJC_IMPLEMENTATIONS = YES;
				CLANG_WARN_DIRECT_OBJC_ISA_USAGE = YES_ERROR;
				CLANG_WARN_DOCUMENTATION_COMMENTS = YES;
				CLANG_WARN_EMPTY_BODY = YES;
				CLANG_WARN_ENUM_CONVERSION = YES;
				CLANG_WARN_INFINITE_RECURSION = YES;
				CLANG_WARN_INT_CONVERSION = YES;
				CLANG_WARN_NON_LITERAL_NULL_CONVERSION = YES;
				CLANG_WARN_OBJC_IMPLICIT_RETAIN_SELF = YES;
				CLANG_WARN_OBJC_LITERAL_CONVERSION = YES;
				CLANG_WARN_OBJC_ROOT_CLASS = YES_ERROR;
				CLANG_WARN_QUOTED_INCLUDE_IN_FRAMEWORK_HEADER = YES;
				CLANG_WARN_RANGE_LOOP_ANALYSIS = YES;
				CLANG_WARN_STRICT_PROTOTYPES = YES;
				CLANG_WARN_SUSPICIOUS_MOVE = YES;
				CLANG_WARN_UNGUARDED_AVAILABILITY = YES_AGGRESSIVE;
				CLANG_WARN_UNREACHABLE_CODE = YES;
				CLANG_WARN__DUPLICATE_METHOD_MATCH = YES;
				COPY_PHASE_STRIP = NO;
				DEBUG_INFORMATION_FORMAT = dwarf;
				ENABLE_STRICT_OBJC_MSGSEND = YES;
				ENABLE_TESTABILITY = YES;
				GCC_C_LANGUAGE_STANDARD = gnu11;
				GCC_DYNAMIC_NO_PIC = NO;
				GCC_NO_COMMON_BLOCKS = YES;
				GCC_OPTIMIZATION_LEVEL = 0;
				GCC_PREPROCESSOR_DEFINITIONS = (
					"DEBUG=1",
					"$(inherited)",
				);
				GCC_WARN_64_TO_32_BIT_CONVERSION = YES;
				GCC_WARN_ABOUT_RETURN_TYPE = YES_ERROR;
				GCC_WARN_UNDECLARED_SELECTOR = YES;
				GCC_WARN_UNINITIALIZED_AUTOS = YES_AGGRESSIVE;
				GCC_WARN_UNUSED_FUNCTION = YES;
				GCC_WARN_UNUSED_VARIABLE = YES;
				IPHONEOS_DEPLOYMENT_TARGET = 16.2;
				MTL_ENABLE_DEBUG_INFO = INCLUDE_SOURCE;
				MTL_FAST_MATH = YES;
				ONLY_ACTIVE_ARCH = YES;
				SDKROOT = iphoneos;
				SWIFT_ACTIVE_COMPILATION_CONDITIONS = DEBUG;
				SWIFT_OPTIMIZATION_LEVEL = "-Onone";
			};
			name = Debug;
		};
		3798630E29EFDD71002EC23B /* Release */ = {
			isa = XCBuildConfiguration;
			buildSettings = {
				ALWAYS_SEARCH_USER_PATHS = NO;
				CLANG_ANALYZER_NONNULL = YES;
				CLANG_ANALYZER_NUMBER_OBJECT_CONVERSION = YES_AGGRESSIVE;
				CLANG_CXX_LANGUAGE_STANDARD = "gnu++20";
				CLANG_ENABLE_MODULES = YES;
				CLANG_ENABLE_OBJC_ARC = YES;
				CLANG_ENABLE_OBJC_WEAK = YES;
				CLANG_WARN_BLOCK_CAPTURE_AUTORELEASING = YES;
				CLANG_WARN_BOOL_CONVERSION = YES;
				CLANG_WARN_COMMA = YES;
				CLANG_WARN_CONSTANT_CONVERSION = YES;
				CLANG_WARN_DEPRECATED_OBJC_IMPLEMENTATIONS = YES;
				CLANG_WARN_DIRECT_OBJC_ISA_USAGE = YES_ERROR;
				CLANG_WARN_DOCUMENTATION_COMMENTS = YES;
				CLANG_WARN_EMPTY_BODY = YES;
				CLANG_WARN_ENUM_CONVERSION = YES;
				CLANG_WARN_INFINITE_RECURSION = YES;
				CLANG_WARN_INT_CONVERSION = YES;
				CLANG_WARN_NON_LITERAL_NULL_CONVERSION = YES;
				CLANG_WARN_OBJC_IMPLICIT_RETAIN_SELF = YES;
				CLANG_WARN_OBJC_LITERAL_CONVERSION = YES;
				CLANG_WARN_OBJC_ROOT_CLASS = YES_ERROR;
				CLANG_WARN_QUOTED_INCLUDE_IN_FRAMEWORK_HEADER = YES;
				CLANG_WARN_RANGE_LOOP_ANALYSIS = YES;
				CLANG_WARN_STRICT_PROTOTYPES = YES;
				CLANG_WARN_SUSPICIOUS_MOVE = YES;
				CLANG_WARN_UNGUARDED_AVAILABILITY = YES_AGGRESSIVE;
				CLANG_WARN_UNREACHABLE_CODE = YES;
				CLANG_WARN__DUPLICATE_METHOD_MATCH = YES;
				COPY_PHASE_STRIP = NO;
				DEBUG_INFORMATION_FORMAT = "dwarf-with-dsym";
				ENABLE_NS_ASSERTIONS = NO;
				ENABLE_STRICT_OBJC_MSGSEND = YES;
				GCC_C_LANGUAGE_STANDARD = gnu11;
				GCC_NO_COMMON_BLOCKS = YES;
				GCC_WARN_64_TO_32_BIT_CONVERSION = YES;
				GCC_WARN_ABOUT_RETURN_TYPE = YES_ERROR;
				GCC_WARN_UNDECLARED_SELECTOR = YES;
				GCC_WARN_UNINITIALIZED_AUTOS = YES_AGGRESSIVE;
				GCC_WARN_UNUSED_FUNCTION = YES;
				GCC_WARN_UNUSED_VARIABLE = YES;
				IPHONEOS_DEPLOYMENT_TARGET = 16.2;
				MTL_ENABLE_DEBUG_INFO = NO;
				MTL_FAST_MATH = YES;
				SDKROOT = iphoneos;
				SWIFT_COMPILATION_MODE = wholemodule;
				SWIFT_OPTIMIZATION_LEVEL = "-O";
				VALIDATE_PRODUCT = YES;
			};
			name = Release;
		};
		3798631029EFDD71002EC23B /* Debug */ = {
			isa = XCBuildConfiguration;
			buildSettings = {
				ALWAYS_EMBED_SWIFT_STANDARD_LIBRARIES = YES;
				ASSETCATALOG_COMPILER_APPICON_NAME = AppIcon;
				ASSETCATALOG_COMPILER_GLOBAL_ACCENT_COLOR_NAME = AccentColor;
				CODE_SIGN_ENTITLEMENTS = Playdate/Playdate.entitlements;
				CODE_SIGN_IDENTITY = "Apple Development";
				CODE_SIGN_STYLE = Automatic;
				CURRENT_PROJECT_VERSION = 1;
				DEVELOPMENT_ASSET_PATHS = "\"Playdate/Preview Content\"";
				DEVELOPMENT_TEAM = L8NCUCPRPQ;
				ENABLE_PREVIEWS = YES;
				GENERATE_INFOPLIST_FILE = YES;
				INFOPLIST_FILE = Playdate/Info.plist;
				INFOPLIST_KEY_UIApplicationSceneManifest_Generation = YES;
				INFOPLIST_KEY_UIApplicationSupportsIndirectInputEvents = YES;
				INFOPLIST_KEY_UILaunchScreen_Generation = YES;
				INFOPLIST_KEY_UIStatusBarStyle = UIStatusBarStyleLightContent;
				INFOPLIST_KEY_UISupportedInterfaceOrientations = UIInterfaceOrientationPortrait;
				INFOPLIST_KEY_UISupportedInterfaceOrientations_iPad = "UIInterfaceOrientationLandscapeLeft UIInterfaceOrientationLandscapeRight UIInterfaceOrientationPortrait UIInterfaceOrientationPortraitUpsideDown";
				LD_RUNPATH_SEARCH_PATHS = (
					"$(inherited)",
					"@executable_path/Frameworks",
				);
				MARKETING_VERSION = 1.0;
				PRODUCT_BUNDLE_IDENTIFIER = "Apple-Developer-Academy.Playdate";
				PRODUCT_NAME = "$(TARGET_NAME)";
				PROVISIONING_PROFILE_SPECIFIER = "";
				SUPPORTED_PLATFORMS = "iphoneos iphonesimulator";
				SUPPORTS_MACCATALYST = NO;
				SUPPORTS_MAC_DESIGNED_FOR_IPHONE_IPAD = NO;
				SWIFT_EMIT_LOC_STRINGS = YES;
				SWIFT_VERSION = 5.0;
				TARGETED_DEVICE_FAMILY = 1;
			};
			name = Debug;
		};
		3798631129EFDD71002EC23B /* Release */ = {
			isa = XCBuildConfiguration;
			buildSettings = {
				ALWAYS_EMBED_SWIFT_STANDARD_LIBRARIES = YES;
				ASSETCATALOG_COMPILER_APPICON_NAME = AppIcon;
				ASSETCATALOG_COMPILER_GLOBAL_ACCENT_COLOR_NAME = AccentColor;
				CODE_SIGN_ENTITLEMENTS = Playdate/Playdate.entitlements;
				CODE_SIGN_IDENTITY = "Apple Development";
				CODE_SIGN_STYLE = Automatic;
				CURRENT_PROJECT_VERSION = 1;
				DEVELOPMENT_ASSET_PATHS = "\"Playdate/Preview Content\"";
				DEVELOPMENT_TEAM = L8NCUCPRPQ;
				ENABLE_PREVIEWS = YES;
				GENERATE_INFOPLIST_FILE = YES;
				INFOPLIST_FILE = Playdate/Info.plist;
				INFOPLIST_KEY_UIApplicationSceneManifest_Generation = YES;
				INFOPLIST_KEY_UIApplicationSupportsIndirectInputEvents = YES;
				INFOPLIST_KEY_UILaunchScreen_Generation = YES;
				INFOPLIST_KEY_UIStatusBarStyle = UIStatusBarStyleLightContent;
				INFOPLIST_KEY_UISupportedInterfaceOrientations = UIInterfaceOrientationPortrait;
				INFOPLIST_KEY_UISupportedInterfaceOrientations_iPad = "UIInterfaceOrientationLandscapeLeft UIInterfaceOrientationLandscapeRight UIInterfaceOrientationPortrait UIInterfaceOrientationPortraitUpsideDown";
				LD_RUNPATH_SEARCH_PATHS = (
					"$(inherited)",
					"@executable_path/Frameworks",
				);
				MARKETING_VERSION = 1.0;
				PRODUCT_BUNDLE_IDENTIFIER = "Apple-Developer-Academy.Playdate";
				PRODUCT_NAME = "$(TARGET_NAME)";
				PROVISIONING_PROFILE_SPECIFIER = "";
				SUPPORTED_PLATFORMS = "iphoneos iphonesimulator";
				SUPPORTS_MACCATALYST = NO;
				SUPPORTS_MAC_DESIGNED_FOR_IPHONE_IPAD = NO;
				SWIFT_EMIT_LOC_STRINGS = YES;
				SWIFT_VERSION = 5.0;
				TARGETED_DEVICE_FAMILY = 1;
			};
			name = Release;
		};
		A978DFE62A015B6F003054C1 /* Debug */ = {
			isa = XCBuildConfiguration;
			buildSettings = {
				ASSETCATALOG_COMPILER_GLOBAL_ACCENT_COLOR_NAME = AccentColor;
				ASSETCATALOG_COMPILER_WIDGET_BACKGROUND_COLOR_NAME = WidgetBackground;
				CODE_SIGN_ENTITLEMENTS = PlaydateWidgetExtension.entitlements;
				CODE_SIGN_IDENTITY = "Apple Development";
				CODE_SIGN_STYLE = Automatic;
				CURRENT_PROJECT_VERSION = 1;
				DEVELOPMENT_TEAM = NQ6K7G8J8Z;
				GENERATE_INFOPLIST_FILE = YES;
				INFOPLIST_FILE = PlaydateWidget/Info.plist;
				INFOPLIST_KEY_CFBundleDisplayName = PlaydateWidget;
				INFOPLIST_KEY_NSHumanReadableCopyright = "";
				IPHONEOS_DEPLOYMENT_TARGET = 16.2;
				LD_RUNPATH_SEARCH_PATHS = (
					"$(inherited)",
					"@executable_path/Frameworks",
					"@executable_path/../../Frameworks",
				);
				MARKETING_VERSION = 1.0;
				PRODUCT_BUNDLE_IDENTIFIER = "Apple-Developer-Academy.Playdate.unique.PlaydateWidget";
				PRODUCT_NAME = "$(TARGET_NAME)";
				SKIP_INSTALL = YES;
				SWIFT_EMIT_LOC_STRINGS = YES;
				SWIFT_VERSION = 5.0;
				TARGETED_DEVICE_FAMILY = "1,2";
			};
			name = Debug;
		};
		A978DFE72A015B6F003054C1 /* Release */ = {
			isa = XCBuildConfiguration;
			buildSettings = {
				ASSETCATALOG_COMPILER_GLOBAL_ACCENT_COLOR_NAME = AccentColor;
				ASSETCATALOG_COMPILER_WIDGET_BACKGROUND_COLOR_NAME = WidgetBackground;
				CODE_SIGN_ENTITLEMENTS = PlaydateWidgetExtension.entitlements;
				CODE_SIGN_IDENTITY = "Apple Development";
				CODE_SIGN_STYLE = Automatic;
				CURRENT_PROJECT_VERSION = 1;
				DEVELOPMENT_TEAM = NQ6K7G8J8Z;
				GENERATE_INFOPLIST_FILE = YES;
				INFOPLIST_FILE = PlaydateWidget/Info.plist;
				INFOPLIST_KEY_CFBundleDisplayName = PlaydateWidget;
				INFOPLIST_KEY_NSHumanReadableCopyright = "";
				IPHONEOS_DEPLOYMENT_TARGET = 16.2;
				LD_RUNPATH_SEARCH_PATHS = (
					"$(inherited)",
					"@executable_path/Frameworks",
					"@executable_path/../../Frameworks",
				);
				MARKETING_VERSION = 1.0;
				PRODUCT_BUNDLE_IDENTIFIER = "Apple-Developer-Academy.Playdate.unique.PlaydateWidget";
				PRODUCT_NAME = "$(TARGET_NAME)";
				SKIP_INSTALL = YES;
				SWIFT_EMIT_LOC_STRINGS = YES;
				SWIFT_VERSION = 5.0;
				TARGETED_DEVICE_FAMILY = "1,2";
			};
			name = Release;
		};
/* End XCBuildConfiguration section */

/* Begin XCConfigurationList section */
		379862FC29EFDD70002EC23B /* Build configuration list for PBXProject "Playdate" */ = {
			isa = XCConfigurationList;
			buildConfigurations = (
				3798630D29EFDD71002EC23B /* Debug */,
				3798630E29EFDD71002EC23B /* Release */,
			);
			defaultConfigurationIsVisible = 0;
			defaultConfigurationName = Release;
		};
		3798630F29EFDD71002EC23B /* Build configuration list for PBXNativeTarget "Playdate" */ = {
			isa = XCConfigurationList;
			buildConfigurations = (
				3798631029EFDD71002EC23B /* Debug */,
				3798631129EFDD71002EC23B /* Release */,
			);
			defaultConfigurationIsVisible = 0;
			defaultConfigurationName = Release;
		};
		A978DFE82A015B6F003054C1 /* Build configuration list for PBXNativeTarget "PlaydateWidgetExtension" */ = {
			isa = XCConfigurationList;
			buildConfigurations = (
				A978DFE62A015B6F003054C1 /* Debug */,
				A978DFE72A015B6F003054C1 /* Release */,
			);
			defaultConfigurationIsVisible = 0;
			defaultConfigurationName = Release;
		};
/* End XCConfigurationList section */

/* Begin XCRemoteSwiftPackageReference section */
		A5AE7D7929F1864200BD5CAE /* XCRemoteSwiftPackageReference "firebase-ios-sdk" */ = {
			isa = XCRemoteSwiftPackageReference;
			repositoryURL = "https://github.com/firebase/firebase-ios-sdk";
			requirement = {
				kind = upToNextMajorVersion;
				minimumVersion = 10.0.0;
			};
		};
/* End XCRemoteSwiftPackageReference section */

/* Begin XCSwiftPackageProductDependency section */
		A5AE7D7A29F1864200BD5CAE /* FirebaseAuth */ = {
			isa = XCSwiftPackageProductDependency;
			package = A5AE7D7929F1864200BD5CAE /* XCRemoteSwiftPackageReference "firebase-ios-sdk" */;
			productName = FirebaseAuth;
		};
		A5AE7D7C29F1864200BD5CAE /* FirebaseFirestore */ = {
			isa = XCSwiftPackageProductDependency;
			package = A5AE7D7929F1864200BD5CAE /* XCRemoteSwiftPackageReference "firebase-ios-sdk" */;
			productName = FirebaseFirestore;
		};
/* End XCSwiftPackageProductDependency section */

/* Begin XCVersionGroup section */
		A97CEA8C29F255330058F9FA /* CoreDataModel.xcdatamodeld */ = {
			isa = XCVersionGroup;
			children = (
				A97CEA8D29F255330058F9FA /* CoreDataModel.xcdatamodel */,
			);
			currentVersion = A97CEA8D29F255330058F9FA /* CoreDataModel.xcdatamodel */;
			path = CoreDataModel.xcdatamodeld;
			sourceTree = "<group>";
			versionGroupType = wrapper.xcdatamodel;
		};
/* End XCVersionGroup section */
	};
	rootObject = 379862F929EFDD70002EC23B /* Project object */;
}
