// !$*UTF8*$!
{
	archiveVersion = 1;
	classes = {
	};
	objectVersion = 56;
	objects = {

/* Begin PBXBuildFile section */
		3798630529EFDD70002EC23B /* PlaydateApp.swift in Sources */ = {isa = PBXBuildFile; fileRef = 3798630429EFDD70002EC23B /* PlaydateApp.swift */; };
		3798630729EFDD70002EC23B /* ContentView.swift in Sources */ = {isa = PBXBuildFile; fileRef = 3798630629EFDD70002EC23B /* ContentView.swift */; };
		3798630929EFDD71002EC23B /* Assets.xcassets in Resources */ = {isa = PBXBuildFile; fileRef = 3798630829EFDD71002EC23B /* Assets.xcassets */; };
		3798630C29EFDD71002EC23B /* Preview Assets.xcassets in Resources */ = {isa = PBXBuildFile; fileRef = 3798630B29EFDD71002EC23B /* Preview Assets.xcassets */; };
		3798631629EFE01B002EC23B /* Prompt.swift in Sources */ = {isa = PBXBuildFile; fileRef = 3798631529EFE01B002EC23B /* Prompt.swift */; };
		3798631829EFE033002EC23B /* Error.swift in Sources */ = {isa = PBXBuildFile; fileRef = 3798631729EFE033002EC23B /* Error.swift */; };
		3798631D29EFE0B5002EC23B /* NetworkManager.swift in Sources */ = {isa = PBXBuildFile; fileRef = 3798631C29EFE0B5002EC23B /* NetworkManager.swift */; };
		3798632029EFE0ED002EC23B /* Firebase.swift in Sources */ = {isa = PBXBuildFile; fileRef = 3798631F29EFE0ED002EC23B /* Firebase.swift */; };
		3798632329EFE11F002EC23B /* CoreDataManager.swift in Sources */ = {isa = PBXBuildFile; fileRef = 3798632229EFE11F002EC23B /* CoreDataManager.swift */; };
		3798632C29EFE1D8002EC23B /* AppColor.swift in Sources */ = {isa = PBXBuildFile; fileRef = 3798632B29EFE1D8002EC23B /* AppColor.swift */; };
		A5AE7D7B29F1864200BD5CAE /* FirebaseAuth in Frameworks */ = {isa = PBXBuildFile; productRef = A5AE7D7A29F1864200BD5CAE /* FirebaseAuth */; };
		A5AE7D7D29F1864200BD5CAE /* FirebaseFirestore in Frameworks */ = {isa = PBXBuildFile; productRef = A5AE7D7C29F1864200BD5CAE /* FirebaseFirestore */; };
		A5AE7D7F29F186E400BD5CAE /* GoogleService-Info.plist in Resources */ = {isa = PBXBuildFile; fileRef = A5AE7D7E29F186E400BD5CAE /* GoogleService-Info.plist */; };
		A5AE7D8129F1889100BD5CAE /* ChallengeFirebase.swift in Sources */ = {isa = PBXBuildFile; fileRef = A5AE7D8029F1889100BD5CAE /* ChallengeFirebase.swift */; };
		A5AE7D8329F1895A00BD5CAE /* DataManager.swift in Sources */ = {isa = PBXBuildFile; fileRef = A5AE7D8229F1895A00BD5CAE /* DataManager.swift */; };
		A5AE7D8529F18C1300BD5CAE /* challengeFirebaseExperiment.swift in Sources */ = {isa = PBXBuildFile; fileRef = A5AE7D8429F18C1300BD5CAE /* challengeFirebaseExperiment.swift */; };
/* End PBXBuildFile section */

/* Begin PBXFileReference section */
		3798630129EFDD70002EC23B /* Playdate.app */ = {isa = PBXFileReference; explicitFileType = wrapper.application; includeInIndex = 0; path = Playdate.app; sourceTree = BUILT_PRODUCTS_DIR; };
		3798630429EFDD70002EC23B /* PlaydateApp.swift */ = {isa = PBXFileReference; lastKnownFileType = sourcecode.swift; path = PlaydateApp.swift; sourceTree = "<group>"; };
		3798630629EFDD70002EC23B /* ContentView.swift */ = {isa = PBXFileReference; lastKnownFileType = sourcecode.swift; path = ContentView.swift; sourceTree = "<group>"; };
		3798630829EFDD71002EC23B /* Assets.xcassets */ = {isa = PBXFileReference; lastKnownFileType = folder.assetcatalog; path = Assets.xcassets; sourceTree = "<group>"; };
		3798630B29EFDD71002EC23B /* Preview Assets.xcassets */ = {isa = PBXFileReference; lastKnownFileType = folder.assetcatalog; path = "Preview Assets.xcassets"; sourceTree = "<group>"; };
		3798631529EFE01B002EC23B /* Prompt.swift */ = {isa = PBXFileReference; lastKnownFileType = sourcecode.swift; path = Prompt.swift; sourceTree = "<group>"; };
		3798631729EFE033002EC23B /* Error.swift */ = {isa = PBXFileReference; lastKnownFileType = sourcecode.swift; path = Error.swift; sourceTree = "<group>"; };
		3798631C29EFE0B5002EC23B /* NetworkManager.swift */ = {isa = PBXFileReference; lastKnownFileType = sourcecode.swift; path = NetworkManager.swift; sourceTree = "<group>"; };
		3798631F29EFE0ED002EC23B /* Firebase.swift */ = {isa = PBXFileReference; lastKnownFileType = sourcecode.swift; path = Firebase.swift; sourceTree = "<group>"; };
		3798632229EFE11F002EC23B /* CoreDataManager.swift */ = {isa = PBXFileReference; lastKnownFileType = sourcecode.swift; path = CoreDataManager.swift; sourceTree = "<group>"; };
		3798632B29EFE1D8002EC23B /* AppColor.swift */ = {isa = PBXFileReference; lastKnownFileType = sourcecode.swift; path = AppColor.swift; sourceTree = "<group>"; };
		A5AE7D7E29F186E400BD5CAE /* GoogleService-Info.plist */ = {isa = PBXFileReference; fileEncoding = 4; lastKnownFileType = text.plist.xml; path = "GoogleService-Info.plist"; sourceTree = "<group>"; };
		A5AE7D8029F1889100BD5CAE /* ChallengeFirebase.swift */ = {isa = PBXFileReference; lastKnownFileType = sourcecode.swift; path = ChallengeFirebase.swift; sourceTree = "<group>"; };
		A5AE7D8229F1895A00BD5CAE /* DataManager.swift */ = {isa = PBXFileReference; lastKnownFileType = sourcecode.swift; path = DataManager.swift; sourceTree = "<group>"; };
		A5AE7D8429F18C1300BD5CAE /* challengeFirebaseExperiment.swift */ = {isa = PBXFileReference; lastKnownFileType = sourcecode.swift; path = challengeFirebaseExperiment.swift; sourceTree = "<group>"; };
/* End PBXFileReference section */

/* Begin PBXFrameworksBuildPhase section */
		379862FE29EFDD70002EC23B /* Frameworks */ = {
			isa = PBXFrameworksBuildPhase;
			buildActionMask = 2147483647;
			files = (
				A5AE7D7B29F1864200BD5CAE /* FirebaseAuth in Frameworks */,
				A5AE7D7D29F1864200BD5CAE /* FirebaseFirestore in Frameworks */,
			);
			runOnlyForDeploymentPostprocessing = 0;
		};
/* End PBXFrameworksBuildPhase section */

/* Begin PBXGroup section */
		379862F829EFDD70002EC23B = {
			isa = PBXGroup;
			children = (
				3798630329EFDD70002EC23B /* Playdate */,
				3798630229EFDD70002EC23B /* Products */,
			);
			sourceTree = "<group>";
		};
		3798630229EFDD70002EC23B /* Products */ = {
			isa = PBXGroup;
			children = (
				3798630129EFDD70002EC23B /* Playdate.app */,
			);
			name = Products;
			sourceTree = "<group>";
		};
		3798630329EFDD70002EC23B /* Playdate */ = {
			isa = PBXGroup;
			children = (
				A5AE7D7E29F186E400BD5CAE /* GoogleService-Info.plist */,
				3798632E29EFE208002EC23B /* Features */,
				3798631329EFDF85002EC23B /* Core */,
				3798631229EFDF44002EC23B /* Application */,
				3798630629EFDD70002EC23B /* ContentView.swift */,
				3798630A29EFDD71002EC23B /* Preview Content */,
			);
			path = Playdate;
			sourceTree = "<group>";
		};
		3798630A29EFDD71002EC23B /* Preview Content */ = {
			isa = PBXGroup;
			children = (
				3798630B29EFDD71002EC23B /* Preview Assets.xcassets */,
			);
			path = "Preview Content";
			sourceTree = "<group>";
		};
		3798631229EFDF44002EC23B /* Application */ = {
			isa = PBXGroup;
			children = (
				3798630429EFDD70002EC23B /* PlaydateApp.swift */,
			);
			path = Application;
			sourceTree = "<group>";
		};
		3798631329EFDF85002EC23B /* Core */ = {
			isa = PBXGroup;
			children = (
				3798632D29EFE1F4002EC23B /* Extension */,
				3798632429EFE156002EC23B /* Themes */,
				3798631A29EFE094002EC23B /* Utilities */,
				3798631929EFE047002EC23B /* Resources */,
				3798631429EFDFFD002EC23B /* Constants */,
			);
			path = Core;
			sourceTree = "<group>";
		};
		3798631429EFDFFD002EC23B /* Constants */ = {
			isa = PBXGroup;
			children = (
				3798631529EFE01B002EC23B /* Prompt.swift */,
				3798631729EFE033002EC23B /* Error.swift */,
			);
			name = Constants;
			sourceTree = "<group>";
		};
		3798631929EFE047002EC23B /* Resources */ = {
			isa = PBXGroup;
			children = (
				3798630829EFDD71002EC23B /* Assets.xcassets */,
			);
			name = Resources;
			sourceTree = "<group>";
		};
		3798631A29EFE094002EC23B /* Utilities */ = {
			isa = PBXGroup;
			children = (
				3798632129EFE0F8002EC23B /* CoreData */,
				3798631E29EFE0BE002EC23B /* Firebase */,
				3798631B29EFE09F002EC23B /* Networking */,
			);
			path = Utilities;
			sourceTree = "<group>";
		};
		3798631B29EFE09F002EC23B /* Networking */ = {
			isa = PBXGroup;
			children = (
				3798631C29EFE0B5002EC23B /* NetworkManager.swift */,
			);
			path = Networking;
			sourceTree = "<group>";
		};
		3798631E29EFE0BE002EC23B /* Firebase */ = {
			isa = PBXGroup;
			children = (
				3798631F29EFE0ED002EC23B /* Firebase.swift */,
				A5AE7D8029F1889100BD5CAE /* ChallengeFirebase.swift */,
				A5AE7D8229F1895A00BD5CAE /* DataManager.swift */,
			);
			path = Firebase;
			sourceTree = "<group>";
		};
		3798632129EFE0F8002EC23B /* CoreData */ = {
			isa = PBXGroup;
			children = (
				3798632229EFE11F002EC23B /* CoreDataManager.swift */,
			);
			path = CoreData;
			sourceTree = "<group>";
		};
		3798632429EFE156002EC23B /* Themes */ = {
			isa = PBXGroup;
			children = (
				3798632929EFE1C1002EC23B /* Colors */,
				3798632529EFE186002EC23B /* Presenters */,
			);
			path = Themes;
			sourceTree = "<group>";
		};
		3798632529EFE186002EC23B /* Presenters */ = {
			isa = PBXGroup;
			children = (
				3798632829EFE1A7002EC23B /* Modifiers */,
				3798632729EFE19D002EC23B /* Components */,
				3798632629EFE18F002EC23B /* Views */,
			);
			path = Presenters;
			sourceTree = "<group>";
		};
		3798632629EFE18F002EC23B /* Views */ = {
			isa = PBXGroup;
			children = (
			);
			path = Views;
			sourceTree = "<group>";
		};
		3798632729EFE19D002EC23B /* Components */ = {
			isa = PBXGroup;
			children = (
			);
			path = Components;
			sourceTree = "<group>";
		};
		3798632829EFE1A7002EC23B /* Modifiers */ = {
			isa = PBXGroup;
			children = (
			);
			path = Modifiers;
			sourceTree = "<group>";
		};
		3798632929EFE1C1002EC23B /* Colors */ = {
			isa = PBXGroup;
			children = (
				3798632B29EFE1D8002EC23B /* AppColor.swift */,
			);
			path = Colors;
			sourceTree = "<group>";
		};
		3798632D29EFE1F4002EC23B /* Extension */ = {
			isa = PBXGroup;
			children = (
			);
			path = Extension;
			sourceTree = "<group>";
		};
		3798632E29EFE208002EC23B /* Features */ = {
			isa = PBXGroup;
			children = (
				3798633629EFE26B002EC23B /* Memory */,
				3798632F29EFE213002EC23B /* Challenge */,
			);
			path = Features;
			sourceTree = "<group>";
		};
		3798632F29EFE213002EC23B /* Challenge */ = {
			isa = PBXGroup;
			children = (
				3798633229EFE23C002EC23B /* Presenters */,
				3798633129EFE225002EC23B /* ViewModels */,
				3798633029EFE21E002EC23B /* Models */,
			);
			path = Challenge;
			sourceTree = "<group>";
		};
		3798633029EFE21E002EC23B /* Models */ = {
			isa = PBXGroup;
			children = (
			);
			path = Models;
			sourceTree = "<group>";
		};
		3798633129EFE225002EC23B /* ViewModels */ = {
			isa = PBXGroup;
			children = (
			);
			path = ViewModels;
			sourceTree = "<group>";
		};
		3798633229EFE23C002EC23B /* Presenters */ = {
			isa = PBXGroup;
			children = (
				3798633529EFE25D002EC23B /* Extension */,
				3798633429EFE255002EC23B /* Components */,
				3798633329EFE245002EC23B /* Views */,
			);
			path = Presenters;
			sourceTree = "<group>";
		};
		3798633329EFE245002EC23B /* Views */ = {
			isa = PBXGroup;
			children = (
				A5AE7D8429F18C1300BD5CAE /* challengeFirebaseExperiment.swift */,
			);
			path = Views;
			sourceTree = "<group>";
		};
		3798633429EFE255002EC23B /* Components */ = {
			isa = PBXGroup;
			children = (
			);
			path = Components;
			sourceTree = "<group>";
		};
		3798633529EFE25D002EC23B /* Extension */ = {
			isa = PBXGroup;
			children = (
			);
			path = Extension;
			sourceTree = "<group>";
		};
		3798633629EFE26B002EC23B /* Memory */ = {
			isa = PBXGroup;
			children = (
			);
			path = Memory;
			sourceTree = "<group>";
		};
/* End PBXGroup section */

/* Begin PBXNativeTarget section */
		3798630029EFDD70002EC23B /* Playdate */ = {
			isa = PBXNativeTarget;
			buildConfigurationList = 3798630F29EFDD71002EC23B /* Build configuration list for PBXNativeTarget "Playdate" */;
			buildPhases = (
				379862FD29EFDD70002EC23B /* Sources */,
				379862FE29EFDD70002EC23B /* Frameworks */,
				379862FF29EFDD70002EC23B /* Resources */,
			);
			buildRules = (
			);
			dependencies = (
			);
			name = Playdate;
			packageProductDependencies = (
				A5AE7D7A29F1864200BD5CAE /* FirebaseAuth */,
				A5AE7D7C29F1864200BD5CAE /* FirebaseFirestore */,
			);
			productName = Playdate;
			productReference = 3798630129EFDD70002EC23B /* Playdate.app */;
			productType = "com.apple.product-type.application";
		};
/* End PBXNativeTarget section */

/* Begin PBXProject section */
		379862F929EFDD70002EC23B /* Project object */ = {
			isa = PBXProject;
			attributes = {
				BuildIndependentTargetsInParallel = 1;
				LastSwiftUpdateCheck = 1420;
				LastUpgradeCheck = 1420;
				TargetAttributes = {
					3798630029EFDD70002EC23B = {
						CreatedOnToolsVersion = 14.2;
					};
				};
			};
			buildConfigurationList = 379862FC29EFDD70002EC23B /* Build configuration list for PBXProject "Playdate" */;
			compatibilityVersion = "Xcode 14.0";
			developmentRegion = en;
			hasScannedForEncodings = 0;
			knownRegions = (
				en,
				Base,
			);
			mainGroup = 379862F829EFDD70002EC23B;
			packageReferences = (
				A5AE7D7929F1864200BD5CAE /* XCRemoteSwiftPackageReference "firebase-ios-sdk" */,
			);
			productRefGroup = 3798630229EFDD70002EC23B /* Products */;
			projectDirPath = "";
			projectRoot = "";
			targets = (
				3798630029EFDD70002EC23B /* Playdate */,
			);
		};
/* End PBXProject section */

/* Begin PBXResourcesBuildPhase section */
		379862FF29EFDD70002EC23B /* Resources */ = {
			isa = PBXResourcesBuildPhase;
			buildActionMask = 2147483647;
			files = (
				3798630C29EFDD71002EC23B /* Preview Assets.xcassets in Resources */,
				A5AE7D7F29F186E400BD5CAE /* GoogleService-Info.plist in Resources */,
				3798630929EFDD71002EC23B /* Assets.xcassets in Resources */,
			);
			runOnlyForDeploymentPostprocessing = 0;
		};
/* End PBXResourcesBuildPhase section */

/* Begin PBXSourcesBuildPhase section */
		379862FD29EFDD70002EC23B /* Sources */ = {
			isa = PBXSourcesBuildPhase;
			buildActionMask = 2147483647;
			files = (
				3798632029EFE0ED002EC23B /* Firebase.swift in Sources */,
				A5AE7D8329F1895A00BD5CAE /* DataManager.swift in Sources */,
				3798632C29EFE1D8002EC23B /* AppColor.swift in Sources */,
				3798631829EFE033002EC23B /* Error.swift in Sources */,
				3798630729EFDD70002EC23B /* ContentView.swift in Sources */,
				3798631D29EFE0B5002EC23B /* NetworkManager.swift in Sources */,
				3798631629EFE01B002EC23B /* Prompt.swift in Sources */,
				A5AE7D8129F1889100BD5CAE /* ChallengeFirebase.swift in Sources */,
				3798632329EFE11F002EC23B /* CoreDataManager.swift in Sources */,
				3798630529EFDD70002EC23B /* PlaydateApp.swift in Sources */,
				A5AE7D8529F18C1300BD5CAE /* challengeFirebaseExperiment.swift in Sources */,
			);
			runOnlyForDeploymentPostprocessing = 0;
		};
/* End PBXSourcesBuildPhase section */

/* Begin XCBuildConfiguration section */
		3798630D29EFDD71002EC23B /* Debug */ = {
			isa = XCBuildConfiguration;
			buildSettings = {
				ALWAYS_SEARCH_USER_PATHS = NO;
				CLANG_ANALYZER_NONNULL = YES;
				CLANG_ANALYZER_NUMBER_OBJECT_CONVERSION = YES_AGGRESSIVE;
				CLANG_CXX_LANGUAGE_STANDARD = "gnu++20";
				CLANG_ENABLE_MODULES = YES;
				CLANG_ENABLE_OBJC_ARC = YES;
				CLANG_ENABLE_OBJC_WEAK = YES;
				CLANG_WARN_BLOCK_CAPTURE_AUTORELEASING = YES;
				CLANG_WARN_BOOL_CONVERSION = YES;
				CLANG_WARN_COMMA = YES;
				CLANG_WARN_CONSTANT_CONVERSION = YES;
				CLANG_WARN_DEPRECATED_OBJC_IMPLEMENTATIONS = YES;
				CLANG_WARN_DIRECT_OBJC_ISA_USAGE = YES_ERROR;
				CLANG_WARN_DOCUMENTATION_COMMENTS = YES;
				CLANG_WARN_EMPTY_BODY = YES;
				CLANG_WARN_ENUM_CONVERSION = YES;
				CLANG_WARN_INFINITE_RECURSION = YES;
				CLANG_WARN_INT_CONVERSION = YES;
				CLANG_WARN_NON_LITERAL_NULL_CONVERSION = YES;
				CLANG_WARN_OBJC_IMPLICIT_RETAIN_SELF = YES;
				CLANG_WARN_OBJC_LITERAL_CONVERSION = YES;
				CLANG_WARN_OBJC_ROOT_CLASS = YES_ERROR;
				CLANG_WARN_QUOTED_INCLUDE_IN_FRAMEWORK_HEADER = YES;
				CLANG_WARN_RANGE_LOOP_ANALYSIS = YES;
				CLANG_WARN_STRICT_PROTOTYPES = YES;
				CLANG_WARN_SUSPICIOUS_MOVE = YES;
				CLANG_WARN_UNGUARDED_AVAILABILITY = YES_AGGRESSIVE;
				CLANG_WARN_UNREACHABLE_CODE = YES;
				CLANG_WARN__DUPLICATE_METHOD_MATCH = YES;
				COPY_PHASE_STRIP = NO;
				DEBUG_INFORMATION_FORMAT = dwarf;
				ENABLE_STRICT_OBJC_MSGSEND = YES;
				ENABLE_TESTABILITY = YES;
				GCC_C_LANGUAGE_STANDARD = gnu11;
				GCC_DYNAMIC_NO_PIC = NO;
				GCC_NO_COMMON_BLOCKS = YES;
				GCC_OPTIMIZATION_LEVEL = 0;
				GCC_PREPROCESSOR_DEFINITIONS = (
					"DEBUG=1",
					"$(inherited)",
				);
				GCC_WARN_64_TO_32_BIT_CONVERSION = YES;
				GCC_WARN_ABOUT_RETURN_TYPE = YES_ERROR;
				GCC_WARN_UNDECLARED_SELECTOR = YES;
				GCC_WARN_UNINITIALIZED_AUTOS = YES_AGGRESSIVE;
				GCC_WARN_UNUSED_FUNCTION = YES;
				GCC_WARN_UNUSED_VARIABLE = YES;
				IPHONEOS_DEPLOYMENT_TARGET = 16.2;
				MTL_ENABLE_DEBUG_INFO = INCLUDE_SOURCE;
				MTL_FAST_MATH = YES;
				ONLY_ACTIVE_ARCH = YES;
				SDKROOT = iphoneos;
				SWIFT_ACTIVE_COMPILATION_CONDITIONS = DEBUG;
				SWIFT_OPTIMIZATION_LEVEL = "-Onone";
			};
			name = Debug;
		};
		3798630E29EFDD71002EC23B /* Release */ = {
			isa = XCBuildConfiguration;
			buildSettings = {
				ALWAYS_SEARCH_USER_PATHS = NO;
				CLANG_ANALYZER_NONNULL = YES;
				CLANG_ANALYZER_NUMBER_OBJECT_CONVERSION = YES_AGGRESSIVE;
				CLANG_CXX_LANGUAGE_STANDARD = "gnu++20";
				CLANG_ENABLE_MODULES = YES;
				CLANG_ENABLE_OBJC_ARC = YES;
				CLANG_ENABLE_OBJC_WEAK = YES;
				CLANG_WARN_BLOCK_CAPTURE_AUTORELEASING = YES;
				CLANG_WARN_BOOL_CONVERSION = YES;
				CLANG_WARN_COMMA = YES;
				CLANG_WARN_CONSTANT_CONVERSION = YES;
				CLANG_WARN_DEPRECATED_OBJC_IMPLEMENTATIONS = YES;
				CLANG_WARN_DIRECT_OBJC_ISA_USAGE = YES_ERROR;
				CLANG_WARN_DOCUMENTATION_COMMENTS = YES;
				CLANG_WARN_EMPTY_BODY = YES;
				CLANG_WARN_ENUM_CONVERSION = YES;
				CLANG_WARN_INFINITE_RECURSION = YES;
				CLANG_WARN_INT_CONVERSION = YES;
				CLANG_WARN_NON_LITERAL_NULL_CONVERSION = YES;
				CLANG_WARN_OBJC_IMPLICIT_RETAIN_SELF = YES;
				CLANG_WARN_OBJC_LITERAL_CONVERSION = YES;
				CLANG_WARN_OBJC_ROOT_CLASS = YES_ERROR;
				CLANG_WARN_QUOTED_INCLUDE_IN_FRAMEWORK_HEADER = YES;
				CLANG_WARN_RANGE_LOOP_ANALYSIS = YES;
				CLANG_WARN_STRICT_PROTOTYPES = YES;
				CLANG_WARN_SUSPICIOUS_MOVE = YES;
				CLANG_WARN_UNGUARDED_AVAILABILITY = YES_AGGRESSIVE;
				CLANG_WARN_UNREACHABLE_CODE = YES;
				CLANG_WARN__DUPLICATE_METHOD_MATCH = YES;
				COPY_PHASE_STRIP = NO;
				DEBUG_INFORMATION_FORMAT = "dwarf-with-dsym";
				ENABLE_NS_ASSERTIONS = NO;
				ENABLE_STRICT_OBJC_MSGSEND = YES;
				GCC_C_LANGUAGE_STANDARD = gnu11;
				GCC_NO_COMMON_BLOCKS = YES;
				GCC_WARN_64_TO_32_BIT_CONVERSION = YES;
				GCC_WARN_ABOUT_RETURN_TYPE = YES_ERROR;
				GCC_WARN_UNDECLARED_SELECTOR = YES;
				GCC_WARN_UNINITIALIZED_AUTOS = YES_AGGRESSIVE;
				GCC_WARN_UNUSED_FUNCTION = YES;
				GCC_WARN_UNUSED_VARIABLE = YES;
				IPHONEOS_DEPLOYMENT_TARGET = 16.2;
				MTL_ENABLE_DEBUG_INFO = NO;
				MTL_FAST_MATH = YES;
				SDKROOT = iphoneos;
				SWIFT_COMPILATION_MODE = wholemodule;
				SWIFT_OPTIMIZATION_LEVEL = "-O";
				VALIDATE_PRODUCT = YES;
			};
			name = Release;
		};
		3798631029EFDD71002EC23B /* Debug */ = {
			isa = XCBuildConfiguration;
			buildSettings = {
				ASSETCATALOG_COMPILER_APPICON_NAME = AppIcon;
				ASSETCATALOG_COMPILER_GLOBAL_ACCENT_COLOR_NAME = AccentColor;
				CODE_SIGN_STYLE = Automatic;
				CURRENT_PROJECT_VERSION = 1;
				DEVELOPMENT_ASSET_PATHS = "\"Playdate/Preview Content\"";
				DEVELOPMENT_TEAM = L8NCUCPRPQ;
				ENABLE_PREVIEWS = YES;
				GENERATE_INFOPLIST_FILE = YES;
				INFOPLIST_KEY_UIApplicationSceneManifest_Generation = YES;
				INFOPLIST_KEY_UIApplicationSupportsIndirectInputEvents = YES;
				INFOPLIST_KEY_UILaunchScreen_Generation = YES;
				INFOPLIST_KEY_UISupportedInterfaceOrientations_iPad = "UIInterfaceOrientationPortrait UIInterfaceOrientationPortraitUpsideDown UIInterfaceOrientationLandscapeLeft UIInterfaceOrientationLandscapeRight";
				INFOPLIST_KEY_UISupportedInterfaceOrientations_iPhone = "UIInterfaceOrientationPortrait UIInterfaceOrientationLandscapeLeft UIInterfaceOrientationLandscapeRight";
				LD_RUNPATH_SEARCH_PATHS = (
					"$(inherited)",
					"@executable_path/Frameworks",
				);
				MARKETING_VERSION = 1.0;
				PRODUCT_BUNDLE_IDENTIFIER = "Apple-Developer-Academy.Playdate";
				PRODUCT_NAME = "$(TARGET_NAME)";
				SWIFT_EMIT_LOC_STRINGS = YES;
				SWIFT_VERSION = 5.0;
				TARGETED_DEVICE_FAMILY = "1,2";
			};
			name = Debug;
		};
		3798631129EFDD71002EC23B /* Release */ = {
			isa = XCBuildConfiguration;
			buildSettings = {
				ASSETCATALOG_COMPILER_APPICON_NAME = AppIcon;
				ASSETCATALOG_COMPILER_GLOBAL_ACCENT_COLOR_NAME = AccentColor;
				CODE_SIGN_STYLE = Automatic;
				CURRENT_PROJECT_VERSION = 1;
				DEVELOPMENT_ASSET_PATHS = "\"Playdate/Preview Content\"";
				DEVELOPMENT_TEAM = L8NCUCPRPQ;
				ENABLE_PREVIEWS = YES;
				GENERATE_INFOPLIST_FILE = YES;
				INFOPLIST_KEY_UIApplicationSceneManifest_Generation = YES;
				INFOPLIST_KEY_UIApplicationSupportsIndirectInputEvents = YES;
				INFOPLIST_KEY_UILaunchScreen_Generation = YES;
				INFOPLIST_KEY_UISupportedInterfaceOrientations_iPad = "UIInterfaceOrientationPortrait UIInterfaceOrientationPortraitUpsideDown UIInterfaceOrientationLandscapeLeft UIInterfaceOrientationLandscapeRight";
				INFOPLIST_KEY_UISupportedInterfaceOrientations_iPhone = "UIInterfaceOrientationPortrait UIInterfaceOrientationLandscapeLeft UIInterfaceOrientationLandscapeRight";
				LD_RUNPATH_SEARCH_PATHS = (
					"$(inherited)",
					"@executable_path/Frameworks",
				);
				MARKETING_VERSION = 1.0;
				PRODUCT_BUNDLE_IDENTIFIER = "Apple-Developer-Academy.Playdate";
				PRODUCT_NAME = "$(TARGET_NAME)";
				SWIFT_EMIT_LOC_STRINGS = YES;
				SWIFT_VERSION = 5.0;
				TARGETED_DEVICE_FAMILY = "1,2";
			};
			name = Release;
		};
/* End XCBuildConfiguration section */

/* Begin XCConfigurationList section */
		379862FC29EFDD70002EC23B /* Build configuration list for PBXProject "Playdate" */ = {
			isa = XCConfigurationList;
			buildConfigurations = (
				3798630D29EFDD71002EC23B /* Debug */,
				3798630E29EFDD71002EC23B /* Release */,
			);
			defaultConfigurationIsVisible = 0;
			defaultConfigurationName = Release;
		};
		3798630F29EFDD71002EC23B /* Build configuration list for PBXNativeTarget "Playdate" */ = {
			isa = XCConfigurationList;
			buildConfigurations = (
				3798631029EFDD71002EC23B /* Debug */,
				3798631129EFDD71002EC23B /* Release */,
			);
			defaultConfigurationIsVisible = 0;
			defaultConfigurationName = Release;
		};
/* End XCConfigurationList section */

/* Begin XCRemoteSwiftPackageReference section */
		A5AE7D7929F1864200BD5CAE /* XCRemoteSwiftPackageReference "firebase-ios-sdk" */ = {
			isa = XCRemoteSwiftPackageReference;
			repositoryURL = "https://github.com/firebase/firebase-ios-sdk";
			requirement = {
				kind = upToNextMajorVersion;
				minimumVersion = 10.0.0;
			};
		};
/* End XCRemoteSwiftPackageReference section */

/* Begin XCSwiftPackageProductDependency section */
		A5AE7D7A29F1864200BD5CAE /* FirebaseAuth */ = {
			isa = XCSwiftPackageProductDependency;
			package = A5AE7D7929F1864200BD5CAE /* XCRemoteSwiftPackageReference "firebase-ios-sdk" */;
			productName = FirebaseAuth;
		};
		A5AE7D7C29F1864200BD5CAE /* FirebaseFirestore */ = {
			isa = XCSwiftPackageProductDependency;
			package = A5AE7D7929F1864200BD5CAE /* XCRemoteSwiftPackageReference "firebase-ios-sdk" */;
			productName = FirebaseFirestore;
		};
/* End XCSwiftPackageProductDependency section */
	};
	rootObject = 379862F929EFDD70002EC23B /* Project object */;
}
